
Microsoft Visual Studio Solution File, Format Version 12.00
# Visual Studio 14
VisualStudioVersion = 14.0.25420.1
MinimumVisualStudioVersion = 10.0.40219.1
Project("{2150E333-8FDC-42A3-9474-1A3956D46DE8}") = "1-Persistence", "1-Persistence", "{2F5DCE05-1247-490A-89B0-25BB78BCABB1}"
EndProject
Project("{2150E333-8FDC-42A3-9474-1A3956D46DE8}") = "3-SOA", "3-SOA", "{BB965E42-AC51-4266-81A7-606FA5C36333}"
EndProject
Project("{2150E333-8FDC-42A3-9474-1A3956D46DE8}") = "2-Presentation", "2-Presentation", "{6DBCF2D6-59D9-4AB9-BCFD-AA5C1E410073}"
EndProject
Project("{2150E333-8FDC-42A3-9474-1A3956D46DE8}") = "Demo", "Demo", "{8906D11C-B136-4036-9295-AE839608DDA5}"
EndProject
Project("{2150E333-8FDC-42A3-9474-1A3956D46DE8}") = "0-Core", "0-Core", "{2E5E7556-C078-491C-A12D-ED3BFBBAF58A}"
EndProject
Project("{2150E333-8FDC-42A3-9474-1A3956D46DE8}") = "4-NativeJars", "4-NativeJars", "{747F7C8A-6228-43D2-BE9C-3E6B3E530494}"
EndProject
Project("{2150E333-8FDC-42A3-9474-1A3956D46DE8}") = "文档", "文档", "{BE9F84BC-BA80-4FF2-94D6-5450484DB592}"
	ProjectSection(SolutionItems) = preProject
		文档\Lind.DDD报价.docx = 文档\Lind.DDD报价.docx
		文档\Lind.DDD报价.pdf = 文档\Lind.DDD报价.pdf
		文档\Lind框架整体介绍.doc = 文档\Lind框架整体介绍.doc
		文档\Lind框架整体介绍.pdf = 文档\Lind框架整体介绍.pdf
		文档\仓储大叔讲系统架构目录.docx = 文档\仓储大叔讲系统架构目录.docx
		文档\仓储大叔讲系统架构目录.pdf = 文档\仓储大叔讲系统架构目录.pdf
		文档\关于API框架的技术点说明.docx = 文档\关于API框架的技术点说明.docx
		文档\关于API框架的技术点说明.pdf = 文档\关于API框架的技术点说明.pdf
		文档\关于后台框架的约定.docx = 文档\关于后台框架的约定.docx
		文档\关于后台框架的约定.pdf = 文档\关于后台框架的约定.pdf
		文档\功能模块.docx = 文档\功能模块.docx
		文档\功能模块.pdf = 文档\功能模块.pdf
		文档\大叔讲框架系列.docx = 文档\大叔讲框架系列.docx
		文档\大叔讲框架系列.pdf = 文档\大叔讲框架系列.pdf
		文档\大叔跟谁学外挂篇.docx = 文档\大叔跟谁学外挂篇.docx
	EndProjectSection
EndProject
Project("{2150E333-8FDC-42A3-9474-1A3956D46DE8}") = "Lesson", "Lesson", "{032394EE-BF97-4197-9213-6510A089A7A6}"
EndProject
Project("{2150E333-8FDC-42A3-9474-1A3956D46DE8}") = "UnitTests", "UnitTests", "{A807604D-AE67-41E2-9848-402A91875E9B}"
EndProject
Project("{2150E333-8FDC-42A3-9474-1A3956D46DE8}") = ".nuget", ".nuget", "{A268A8F8-C475-4600-9417-3422FBF325BB}"
	ProjectSection(SolutionItems) = preProject
		.nuget\packages.config = .nuget\packages.config
	EndProjectSection
EndProject
Project("{FAE04EC0-301F-11D3-BF4B-00C04F79EFBC}") = "Lind.DDD.Web", "Lind.DDD.Web\Lind.DDD.Web.csproj", "{43580422-0F2A-4593-A778-8D3B77B68953}"
EndProject
Project("{FAE04EC0-301F-11D3-BF4B-00C04F79EFBC}") = "Lind.DDD.Test", "Lind.DDD.Test\Lind.DDD.Test.csproj", "{30BA5DDE-AFE5-4EB8-9165-C3BB01816D01}"
EndProject
Project("{FAE04EC0-301F-11D3-BF4B-00C04F79EFBC}") = "Lind.DDD.Repositories.Redis", "Lind.DDD.Repositories.Redis\Lind.DDD.Repositories.Redis.csproj", "{1E1E73E7-7973-43C5-80F2-968818505E20}"
EndProject
Project("{FAE04EC0-301F-11D3-BF4B-00C04F79EFBC}") = "Lind.DDD.Repositories.Mongo", "Lind.DDD.Repositories.Mongo\Lind.DDD.Repositories.Mongo.csproj", "{A9859AED-F275-49C6-BB3F-00CF31C89FED}"
EndProject
Project("{FAE04EC0-301F-11D3-BF4B-00C04F79EFBC}") = "Lind.DDD.Repositories.EF", "Lind.DDD.Repositories.EF\Lind.DDD.Repositories.EF.csproj", "{60EDEA23-947C-4FEF-A97C-2A324ED133C0}"
EndProject
Project("{FAE04EC0-301F-11D3-BF4B-00C04F79EFBC}") = "Lind.DDD", "Lind.DDD\Lind.DDD.csproj", "{26B8BB75-982F-46D1-9106-1AF0A2E48726}"
EndProject
Project("{FAE04EC0-301F-11D3-BF4B-00C04F79EFBC}") = "Lind.DDD.Repositories.Xml", "Lind.DDD.Repositories.Xml\Lind.DDD.Repositories.Xml.csproj", "{A1D24335-26DB-439E-A08F-D101E9E7B529}"
EndProject
Project("{FAE04EC0-301F-11D3-BF4B-00C04F79EFBC}") = "Lind.DDD.Redis.TestServer", "Lind.DDD.Redis.TestServer\Lind.DDD.Redis.TestServer.csproj", "{E11A79DF-F281-4BE8-8E8E-760D44C408B8}"
EndProject
Project("{F088123C-0E9E-452A-89E6-6BA2F21D5CAC}") = "架构模型", "ModelingProject1\架构模型.modelproj", "{155C8B95-C415-4B89-9809-49A3829F5251}"
EndProject
Project("{FAE04EC0-301F-11D3-BF4B-00C04F79EFBC}") = "SOA.Api", "SOA\SOA.Api\SOA.Api.csproj", "{38ADF8A4-E389-4EA3-A710-BE4753FEB086}"
EndProject
Project("{FAE04EC0-301F-11D3-BF4B-00C04F79EFBC}") = "SOA.DTO", "SOA\SOA.DTO\SOA.DTO.csproj", "{AF966DD3-ECC5-43C9-8405-1AEC63ABC5CB}"
EndProject
Project("{FAE04EC0-301F-11D3-BF4B-00C04F79EFBC}") = "SOA.Entity", "SOA\SOA.Entity\SOA.Entity.csproj", "{2252762E-3BB0-4B8A-B6D2-A1B9B6F25519}"
EndProject
Project("{FAE04EC0-301F-11D3-BF4B-00C04F79EFBC}") = "SOA.Service", "SOA.Service\SOA.Service.csproj", "{A937EEF7-DF2D-4008-B70C-504926E88C88}"
EndProject
Project("{FAE04EC0-301F-11D3-BF4B-00C04F79EFBC}") = "Lind.DDD.Android", "Lind.DDD.Android\Lind.DDD.Android.csproj", "{4238A828-1C98-4B5B-BB1B-76E8303D0EB9}"
EndProject
Project("{FAE04EC0-301F-11D3-BF4B-00C04F79EFBC}") = "DemoFastSocket.Client", "DemoFastSocket.Client\DemoFastSocket.Client.csproj", "{B00C125D-B8AA-4931-A68B-B0819462E752}"
EndProject
Project("{FAE04EC0-301F-11D3-BF4B-00C04F79EFBC}") = "DemoFastSocket.Server", "DemoFastSocket.Server\DemoFastSocket.Server.csproj", "{F270045B-3485-452C-A431-034098AE8051}"
EndProject
Project("{FAE04EC0-301F-11D3-BF4B-00C04F79EFBC}") = "DemoFastSocket.WebClient", "DemoFastSocket.WebClient\DemoFastSocket.WebClient.csproj", "{D6FE349B-4440-4381-A249-3C91EAFFC954}"
EndProject
Project("{FAE04EC0-301F-11D3-BF4B-00C04F79EFBC}") = "Lind.DDD.AndroidLib", "Lind.DDD.AndroidLib\Lind.DDD.AndroidLib.csproj", "{E758B7AB-88E0-41FC-8293-76190894B9B2}"
EndProject
Project("{FAE04EC0-301F-11D3-BF4B-00C04F79EFBC}") = "Lind.DDD.Manager", "Lind.DDD.Manager\Lind.DDD.Manager.csproj", "{54D3E7B3-A5B2-4E2B-8A1A-2A3F38D818AE}"
EndProject
Project("{FAE04EC0-301F-11D3-BF4B-00C04F79EFBC}") = "Lind.DDD.Repositories.ADO", "Lind.DDD.Repositories.ADO\Lind.DDD.Repositories.ADO.csproj", "{579CFB74-6253-4AEE-AC65-135037B315DC}"
EndProject
Project("{FAE04EC0-301F-11D3-BF4B-00C04F79EFBC}") = "Lind.DDD.KnockoutJS", "Lind.DDD.KnockoutJS\Lind.DDD.KnockoutJS.csproj", "{58B77FD8-5A9E-4816-AA74-577988A5AE13}"
EndProject
Project("{FAE04EC0-301F-11D3-BF4B-00C04F79EFBC}") = "Lind.DDD.CQRS", "Lind.DDD.CQRS\Lind.DDD.CQRS.csproj", "{66AE694F-28D1-44F3-8C35-1A8A89052A22}"
EndProject
Project("{FAE04EC0-301F-11D3-BF4B-00C04F79EFBC}") = "Lind.DDD.Domain_Aggregate _Event", "Lind.DDD.EventModel\Lind.DDD.Domain_Aggregate _Event.csproj", "{E764422C-2F4A-4C4E-A8F5-9F642E5DD0FF}"
EndProject
Project("{FAE04EC0-301F-11D3-BF4B-00C04F79EFBC}") = "WxPayAPI", "WxPayAPI\WxPayAPI.csproj", "{25911370-F06A-4956-8EE3-659A7BA14961}"
EndProject
Project("{FAE04EC0-301F-11D3-BF4B-00C04F79EFBC}") = "Lind.DDD.PayDemo", "Lind.DDD.PayDemo\Lind.DDD.PayDemo.csproj", "{05A6F013-EF9A-4D14-94FE-FBF90F540E06}"
EndProject
Project("{FAE04EC0-301F-11D3-BF4B-00C04F79EFBC}") = "Lind.DDD.QuartzDemo", "Lind.DDD.QuartzDemo\Lind.DDD.QuartzDemo.csproj", "{0E9AEAFE-F95F-4D13-9F1F-9C4D115CFE9C}"
EndProject
Project("{FAE04EC0-301F-11D3-BF4B-00C04F79EFBC}") = "Lind.DDD.QuartzManager", "Lind.DDD.QuartzManager\Lind.DDD.QuartzManager.csproj", "{F614D724-A8B8-4C96-8495-563BD410B2DE}"
EndProject
Project("{FAE04EC0-301F-11D3-BF4B-00C04F79EFBC}") = "Lind.DDD.DIP_IoC", "Lesson\Lind.DDD.DIP_IoC\Lind.DDD.DIP_IoC.csproj", "{FD141DFD-5F9E-4C7E-B10E-A10B39F5C66A}"
EndProject
Project("{FAE04EC0-301F-11D3-BF4B-00C04F79EFBC}") = "Lind.DDD.UnitTest", "Lind.DDD.UnitTest\Lind.DDD.UnitTest.csproj", "{3973900C-4FD9-4368-B792-A11EFA23F6AE}"
EndProject
Project("{FAE04EC0-301F-11D3-BF4B-00C04F79EFBC}") = "Lind.DDD.Repositories.Memory", "Lind.DDD.Repositories.Memory\Lind.DDD.Repositories.Memory.csproj", "{BACCA2C9-93F6-4FF1-9B66-CEE4183843EB}"
EndProject
Project("{FAE04EC0-301F-11D3-BF4B-00C04F79EFBC}") = "Lind.DDD.SSODemo", "Lind.DDD.SSO\Lind.DDD.SSODemo.csproj", "{29073441-4E7F-4C8F-B8BD-05FE4CFA1203}"
EndProject
Project("{FAE04EC0-301F-11D3-BF4B-00C04F79EFBC}") = "Lind.DDD.Api", "Lind.DDD.Api\Lind.DDD.Api.csproj", "{A768E484-884C-4EC2-BD9A-F08AFF0C82CE}"
EndProject
Project("{FAE04EC0-301F-11D3-BF4B-00C04F79EFBC}") = "Redis_Tw_Sentinel", "Redis_Tw_Sentinel\Redis_Tw_Sentinel.csproj", "{D7E6EAE1-3222-4B13-9CE1-D1C06362818D}"
EndProject
Project("{FAE04EC0-301F-11D3-BF4B-00C04F79EFBC}") = "Lind.DDD.Repositories.Dapper", "Lind.DDD.Repositories.Dapper\Lind.DDD.Repositories.Dapper.csproj", "{F32B1531-CCF7-4EF0-A929-FE98D8C4A44A}"
EndProject
Project("{FAE04EC0-301F-11D3-BF4B-00C04F79EFBC}") = "Lind.DDD.Plugins", "Lind.DDD.Plugins\Lind.DDD.Plugins.csproj", "{10CED905-A500-4B65-BA89-2D5C0B6ED9CE}"
EndProject
Project("{FAE04EC0-301F-11D3-BF4B-00C04F79EFBC}") = "Lind.DDD.OAuthDemo", "Lind.DDD.OAuthDemo\Lind.DDD.OAuthDemo.csproj", "{AC187787-A318-46C4-BC56-7F95354243C1}"
EndProject
Project("{FAE04EC0-301F-11D3-BF4B-00C04F79EFBC}") = "Lind.DDD.Redis.TestClient", "Lind.DDD.Redis.TestClient\Lind.DDD.Redis.TestClient.csproj", "{BD4FEDA8-720A-4355-8E51-914A68871B7C}"
EndProject
Project("{FAE04EC0-301F-11D3-BF4B-00C04F79EFBC}") = "DemoFastSocket.Models", "DemoFastSocket.Models\DemoFastSocket.Models.csproj", "{C944EA86-668A-460E-A836-1E35CA48FBBE}"
EndProject
Global
	GlobalSection(SolutionConfigurationPlatforms) = preSolution
		Ad-Hoc|Any CPU = Ad-Hoc|Any CPU
		Ad-Hoc|iPhone = Ad-Hoc|iPhone
		Ad-Hoc|iPhoneSimulator = Ad-Hoc|iPhoneSimulator
		Ad-Hoc|Mixed Platforms = Ad-Hoc|Mixed Platforms
		AppStore|Any CPU = AppStore|Any CPU
		AppStore|iPhone = AppStore|iPhone
		AppStore|iPhoneSimulator = AppStore|iPhoneSimulator
		AppStore|Mixed Platforms = AppStore|Mixed Platforms
		Debug|Any CPU = Debug|Any CPU
		Debug|iPhone = Debug|iPhone
		Debug|iPhoneSimulator = Debug|iPhoneSimulator
		Debug|Mixed Platforms = Debug|Mixed Platforms
		Release|Any CPU = Release|Any CPU
		Release|iPhone = Release|iPhone
		Release|iPhoneSimulator = Release|iPhoneSimulator
		Release|Mixed Platforms = Release|Mixed Platforms
	EndGlobalSection
	GlobalSection(ProjectConfigurationPlatforms) = postSolution
		{43580422-0F2A-4593-A778-8D3B77B68953}.Ad-Hoc|Any CPU.ActiveCfg = Release|Any CPU
		{43580422-0F2A-4593-A778-8D3B77B68953}.Ad-Hoc|Any CPU.Build.0 = Release|Any CPU
		{43580422-0F2A-4593-A778-8D3B77B68953}.Ad-Hoc|iPhone.ActiveCfg = Release|Any CPU
		{43580422-0F2A-4593-A778-8D3B77B68953}.Ad-Hoc|iPhoneSimulator.ActiveCfg = Release|Any CPU
		{43580422-0F2A-4593-A778-8D3B77B68953}.Ad-Hoc|Mixed Platforms.ActiveCfg = Release|Any CPU
		{43580422-0F2A-4593-A778-8D3B77B68953}.Ad-Hoc|Mixed Platforms.Build.0 = Release|Any CPU
		{43580422-0F2A-4593-A778-8D3B77B68953}.AppStore|Any CPU.ActiveCfg = Release|Any CPU
		{43580422-0F2A-4593-A778-8D3B77B68953}.AppStore|Any CPU.Build.0 = Release|Any CPU
		{43580422-0F2A-4593-A778-8D3B77B68953}.AppStore|iPhone.ActiveCfg = Release|Any CPU
		{43580422-0F2A-4593-A778-8D3B77B68953}.AppStore|iPhoneSimulator.ActiveCfg = Release|Any CPU
		{43580422-0F2A-4593-A778-8D3B77B68953}.AppStore|Mixed Platforms.ActiveCfg = Release|Any CPU
		{43580422-0F2A-4593-A778-8D3B77B68953}.AppStore|Mixed Platforms.Build.0 = Release|Any CPU
		{43580422-0F2A-4593-A778-8D3B77B68953}.Debug|Any CPU.ActiveCfg = Debug|Any CPU
		{43580422-0F2A-4593-A778-8D3B77B68953}.Debug|Any CPU.Build.0 = Debug|Any CPU
		{43580422-0F2A-4593-A778-8D3B77B68953}.Debug|iPhone.ActiveCfg = Debug|Any CPU
		{43580422-0F2A-4593-A778-8D3B77B68953}.Debug|iPhoneSimulator.ActiveCfg = Debug|Any CPU
		{43580422-0F2A-4593-A778-8D3B77B68953}.Debug|Mixed Platforms.ActiveCfg = Debug|Any CPU
		{43580422-0F2A-4593-A778-8D3B77B68953}.Debug|Mixed Platforms.Build.0 = Debug|Any CPU
		{43580422-0F2A-4593-A778-8D3B77B68953}.Release|Any CPU.ActiveCfg = Release|Any CPU
		{43580422-0F2A-4593-A778-8D3B77B68953}.Release|Any CPU.Build.0 = Release|Any CPU
		{43580422-0F2A-4593-A778-8D3B77B68953}.Release|iPhone.ActiveCfg = Release|Any CPU
		{43580422-0F2A-4593-A778-8D3B77B68953}.Release|iPhoneSimulator.ActiveCfg = Release|Any CPU
		{43580422-0F2A-4593-A778-8D3B77B68953}.Release|Mixed Platforms.ActiveCfg = Release|Any CPU
		{43580422-0F2A-4593-A778-8D3B77B68953}.Release|Mixed Platforms.Build.0 = Release|Any CPU
		{30BA5DDE-AFE5-4EB8-9165-C3BB01816D01}.Ad-Hoc|Any CPU.ActiveCfg = Release|Any CPU
		{30BA5DDE-AFE5-4EB8-9165-C3BB01816D01}.Ad-Hoc|Any CPU.Build.0 = Release|Any CPU
		{30BA5DDE-AFE5-4EB8-9165-C3BB01816D01}.Ad-Hoc|iPhone.ActiveCfg = Release|Any CPU
		{30BA5DDE-AFE5-4EB8-9165-C3BB01816D01}.Ad-Hoc|iPhoneSimulator.ActiveCfg = Release|Any CPU
		{30BA5DDE-AFE5-4EB8-9165-C3BB01816D01}.Ad-Hoc|Mixed Platforms.ActiveCfg = Release|Any CPU
		{30BA5DDE-AFE5-4EB8-9165-C3BB01816D01}.Ad-Hoc|Mixed Platforms.Build.0 = Release|Any CPU
		{30BA5DDE-AFE5-4EB8-9165-C3BB01816D01}.AppStore|Any CPU.ActiveCfg = Release|Any CPU
		{30BA5DDE-AFE5-4EB8-9165-C3BB01816D01}.AppStore|Any CPU.Build.0 = Release|Any CPU
		{30BA5DDE-AFE5-4EB8-9165-C3BB01816D01}.AppStore|iPhone.ActiveCfg = Release|Any CPU
		{30BA5DDE-AFE5-4EB8-9165-C3BB01816D01}.AppStore|iPhoneSimulator.ActiveCfg = Release|Any CPU
		{30BA5DDE-AFE5-4EB8-9165-C3BB01816D01}.AppStore|Mixed Platforms.ActiveCfg = Release|Any CPU
		{30BA5DDE-AFE5-4EB8-9165-C3BB01816D01}.AppStore|Mixed Platforms.Build.0 = Release|Any CPU
		{30BA5DDE-AFE5-4EB8-9165-C3BB01816D01}.Debug|Any CPU.ActiveCfg = Debug|Any CPU
		{30BA5DDE-AFE5-4EB8-9165-C3BB01816D01}.Debug|Any CPU.Build.0 = Debug|Any CPU
		{30BA5DDE-AFE5-4EB8-9165-C3BB01816D01}.Debug|iPhone.ActiveCfg = Debug|Any CPU
		{30BA5DDE-AFE5-4EB8-9165-C3BB01816D01}.Debug|iPhoneSimulator.ActiveCfg = Debug|Any CPU
		{30BA5DDE-AFE5-4EB8-9165-C3BB01816D01}.Debug|Mixed Platforms.ActiveCfg = Debug|Any CPU
		{30BA5DDE-AFE5-4EB8-9165-C3BB01816D01}.Debug|Mixed Platforms.Build.0 = Debug|Any CPU
		{30BA5DDE-AFE5-4EB8-9165-C3BB01816D01}.Release|Any CPU.ActiveCfg = Release|Any CPU
		{30BA5DDE-AFE5-4EB8-9165-C3BB01816D01}.Release|Any CPU.Build.0 = Release|Any CPU
		{30BA5DDE-AFE5-4EB8-9165-C3BB01816D01}.Release|iPhone.ActiveCfg = Release|Any CPU
		{30BA5DDE-AFE5-4EB8-9165-C3BB01816D01}.Release|iPhoneSimulator.ActiveCfg = Release|Any CPU
		{30BA5DDE-AFE5-4EB8-9165-C3BB01816D01}.Release|Mixed Platforms.ActiveCfg = Release|Any CPU
		{30BA5DDE-AFE5-4EB8-9165-C3BB01816D01}.Release|Mixed Platforms.Build.0 = Release|Any CPU
		{1E1E73E7-7973-43C5-80F2-968818505E20}.Ad-Hoc|Any CPU.ActiveCfg = Release|Any CPU
		{1E1E73E7-7973-43C5-80F2-968818505E20}.Ad-Hoc|Any CPU.Build.0 = Release|Any CPU
		{1E1E73E7-7973-43C5-80F2-968818505E20}.Ad-Hoc|iPhone.ActiveCfg = Release|Any CPU
		{1E1E73E7-7973-43C5-80F2-968818505E20}.Ad-Hoc|iPhoneSimulator.ActiveCfg = Release|Any CPU
		{1E1E73E7-7973-43C5-80F2-968818505E20}.Ad-Hoc|Mixed Platforms.ActiveCfg = Release|Any CPU
		{1E1E73E7-7973-43C5-80F2-968818505E20}.Ad-Hoc|Mixed Platforms.Build.0 = Release|Any CPU
		{1E1E73E7-7973-43C5-80F2-968818505E20}.AppStore|Any CPU.ActiveCfg = Release|Any CPU
		{1E1E73E7-7973-43C5-80F2-968818505E20}.AppStore|Any CPU.Build.0 = Release|Any CPU
		{1E1E73E7-7973-43C5-80F2-968818505E20}.AppStore|iPhone.ActiveCfg = Release|Any CPU
		{1E1E73E7-7973-43C5-80F2-968818505E20}.AppStore|iPhoneSimulator.ActiveCfg = Release|Any CPU
		{1E1E73E7-7973-43C5-80F2-968818505E20}.AppStore|Mixed Platforms.ActiveCfg = Release|Any CPU
		{1E1E73E7-7973-43C5-80F2-968818505E20}.AppStore|Mixed Platforms.Build.0 = Release|Any CPU
		{1E1E73E7-7973-43C5-80F2-968818505E20}.Debug|Any CPU.ActiveCfg = Debug|Any CPU
		{1E1E73E7-7973-43C5-80F2-968818505E20}.Debug|Any CPU.Build.0 = Debug|Any CPU
		{1E1E73E7-7973-43C5-80F2-968818505E20}.Debug|iPhone.ActiveCfg = Debug|Any CPU
		{1E1E73E7-7973-43C5-80F2-968818505E20}.Debug|iPhoneSimulator.ActiveCfg = Debug|Any CPU
		{1E1E73E7-7973-43C5-80F2-968818505E20}.Debug|Mixed Platforms.ActiveCfg = Debug|Any CPU
		{1E1E73E7-7973-43C5-80F2-968818505E20}.Debug|Mixed Platforms.Build.0 = Debug|Any CPU
		{1E1E73E7-7973-43C5-80F2-968818505E20}.Release|Any CPU.ActiveCfg = Release|Any CPU
		{1E1E73E7-7973-43C5-80F2-968818505E20}.Release|Any CPU.Build.0 = Release|Any CPU
		{1E1E73E7-7973-43C5-80F2-968818505E20}.Release|iPhone.ActiveCfg = Release|Any CPU
		{1E1E73E7-7973-43C5-80F2-968818505E20}.Release|iPhoneSimulator.ActiveCfg = Release|Any CPU
		{1E1E73E7-7973-43C5-80F2-968818505E20}.Release|Mixed Platforms.ActiveCfg = Release|Any CPU
		{1E1E73E7-7973-43C5-80F2-968818505E20}.Release|Mixed Platforms.Build.0 = Release|Any CPU
		{A9859AED-F275-49C6-BB3F-00CF31C89FED}.Ad-Hoc|Any CPU.ActiveCfg = Release|Any CPU
		{A9859AED-F275-49C6-BB3F-00CF31C89FED}.Ad-Hoc|Any CPU.Build.0 = Release|Any CPU
		{A9859AED-F275-49C6-BB3F-00CF31C89FED}.Ad-Hoc|iPhone.ActiveCfg = Release|Any CPU
		{A9859AED-F275-49C6-BB3F-00CF31C89FED}.Ad-Hoc|iPhoneSimulator.ActiveCfg = Release|Any CPU
		{A9859AED-F275-49C6-BB3F-00CF31C89FED}.Ad-Hoc|Mixed Platforms.ActiveCfg = Release|Any CPU
		{A9859AED-F275-49C6-BB3F-00CF31C89FED}.Ad-Hoc|Mixed Platforms.Build.0 = Release|Any CPU
		{A9859AED-F275-49C6-BB3F-00CF31C89FED}.AppStore|Any CPU.ActiveCfg = Release|Any CPU
		{A9859AED-F275-49C6-BB3F-00CF31C89FED}.AppStore|Any CPU.Build.0 = Release|Any CPU
		{A9859AED-F275-49C6-BB3F-00CF31C89FED}.AppStore|iPhone.ActiveCfg = Release|Any CPU
		{A9859AED-F275-49C6-BB3F-00CF31C89FED}.AppStore|iPhoneSimulator.ActiveCfg = Release|Any CPU
		{A9859AED-F275-49C6-BB3F-00CF31C89FED}.AppStore|Mixed Platforms.ActiveCfg = Release|Any CPU
		{A9859AED-F275-49C6-BB3F-00CF31C89FED}.AppStore|Mixed Platforms.Build.0 = Release|Any CPU
		{A9859AED-F275-49C6-BB3F-00CF31C89FED}.Debug|Any CPU.ActiveCfg = Debug|Any CPU
		{A9859AED-F275-49C6-BB3F-00CF31C89FED}.Debug|Any CPU.Build.0 = Debug|Any CPU
		{A9859AED-F275-49C6-BB3F-00CF31C89FED}.Debug|iPhone.ActiveCfg = Debug|Any CPU
		{A9859AED-F275-49C6-BB3F-00CF31C89FED}.Debug|iPhoneSimulator.ActiveCfg = Debug|Any CPU
		{A9859AED-F275-49C6-BB3F-00CF31C89FED}.Debug|Mixed Platforms.ActiveCfg = Debug|Any CPU
		{A9859AED-F275-49C6-BB3F-00CF31C89FED}.Debug|Mixed Platforms.Build.0 = Debug|Any CPU
		{A9859AED-F275-49C6-BB3F-00CF31C89FED}.Release|Any CPU.ActiveCfg = Release|Any CPU
		{A9859AED-F275-49C6-BB3F-00CF31C89FED}.Release|Any CPU.Build.0 = Release|Any CPU
		{A9859AED-F275-49C6-BB3F-00CF31C89FED}.Release|iPhone.ActiveCfg = Release|Any CPU
		{A9859AED-F275-49C6-BB3F-00CF31C89FED}.Release|iPhoneSimulator.ActiveCfg = Release|Any CPU
		{A9859AED-F275-49C6-BB3F-00CF31C89FED}.Release|Mixed Platforms.ActiveCfg = Release|Any CPU
		{A9859AED-F275-49C6-BB3F-00CF31C89FED}.Release|Mixed Platforms.Build.0 = Release|Any CPU
		{60EDEA23-947C-4FEF-A97C-2A324ED133C0}.Ad-Hoc|Any CPU.ActiveCfg = Release|Any CPU
		{60EDEA23-947C-4FEF-A97C-2A324ED133C0}.Ad-Hoc|Any CPU.Build.0 = Release|Any CPU
		{60EDEA23-947C-4FEF-A97C-2A324ED133C0}.Ad-Hoc|iPhone.ActiveCfg = Release|Any CPU
		{60EDEA23-947C-4FEF-A97C-2A324ED133C0}.Ad-Hoc|iPhoneSimulator.ActiveCfg = Release|Any CPU
		{60EDEA23-947C-4FEF-A97C-2A324ED133C0}.Ad-Hoc|Mixed Platforms.ActiveCfg = Release|Any CPU
		{60EDEA23-947C-4FEF-A97C-2A324ED133C0}.Ad-Hoc|Mixed Platforms.Build.0 = Release|Any CPU
		{60EDEA23-947C-4FEF-A97C-2A324ED133C0}.AppStore|Any CPU.ActiveCfg = Release|Any CPU
		{60EDEA23-947C-4FEF-A97C-2A324ED133C0}.AppStore|Any CPU.Build.0 = Release|Any CPU
		{60EDEA23-947C-4FEF-A97C-2A324ED133C0}.AppStore|iPhone.ActiveCfg = Release|Any CPU
		{60EDEA23-947C-4FEF-A97C-2A324ED133C0}.AppStore|iPhoneSimulator.ActiveCfg = Release|Any CPU
		{60EDEA23-947C-4FEF-A97C-2A324ED133C0}.AppStore|Mixed Platforms.ActiveCfg = Release|Any CPU
		{60EDEA23-947C-4FEF-A97C-2A324ED133C0}.AppStore|Mixed Platforms.Build.0 = Release|Any CPU
		{60EDEA23-947C-4FEF-A97C-2A324ED133C0}.Debug|Any CPU.ActiveCfg = Debug|Any CPU
		{60EDEA23-947C-4FEF-A97C-2A324ED133C0}.Debug|Any CPU.Build.0 = Debug|Any CPU
		{60EDEA23-947C-4FEF-A97C-2A324ED133C0}.Debug|iPhone.ActiveCfg = Debug|Any CPU
		{60EDEA23-947C-4FEF-A97C-2A324ED133C0}.Debug|iPhoneSimulator.ActiveCfg = Debug|Any CPU
		{60EDEA23-947C-4FEF-A97C-2A324ED133C0}.Debug|Mixed Platforms.ActiveCfg = Debug|Any CPU
		{60EDEA23-947C-4FEF-A97C-2A324ED133C0}.Debug|Mixed Platforms.Build.0 = Debug|Any CPU
		{60EDEA23-947C-4FEF-A97C-2A324ED133C0}.Release|Any CPU.ActiveCfg = Release|Any CPU
		{60EDEA23-947C-4FEF-A97C-2A324ED133C0}.Release|Any CPU.Build.0 = Release|Any CPU
		{60EDEA23-947C-4FEF-A97C-2A324ED133C0}.Release|iPhone.ActiveCfg = Release|Any CPU
		{60EDEA23-947C-4FEF-A97C-2A324ED133C0}.Release|iPhoneSimulator.ActiveCfg = Release|Any CPU
		{60EDEA23-947C-4FEF-A97C-2A324ED133C0}.Release|Mixed Platforms.ActiveCfg = Release|Any CPU
		{60EDEA23-947C-4FEF-A97C-2A324ED133C0}.Release|Mixed Platforms.Build.0 = Release|Any CPU
		{26B8BB75-982F-46D1-9106-1AF0A2E48726}.Ad-Hoc|Any CPU.ActiveCfg = Release|Any CPU
		{26B8BB75-982F-46D1-9106-1AF0A2E48726}.Ad-Hoc|Any CPU.Build.0 = Release|Any CPU
		{26B8BB75-982F-46D1-9106-1AF0A2E48726}.Ad-Hoc|iPhone.ActiveCfg = Release|Any CPU
		{26B8BB75-982F-46D1-9106-1AF0A2E48726}.Ad-Hoc|iPhoneSimulator.ActiveCfg = Release|Any CPU
		{26B8BB75-982F-46D1-9106-1AF0A2E48726}.Ad-Hoc|Mixed Platforms.ActiveCfg = Release|Any CPU
		{26B8BB75-982F-46D1-9106-1AF0A2E48726}.Ad-Hoc|Mixed Platforms.Build.0 = Release|Any CPU
		{26B8BB75-982F-46D1-9106-1AF0A2E48726}.AppStore|Any CPU.ActiveCfg = Release|Any CPU
		{26B8BB75-982F-46D1-9106-1AF0A2E48726}.AppStore|Any CPU.Build.0 = Release|Any CPU
		{26B8BB75-982F-46D1-9106-1AF0A2E48726}.AppStore|iPhone.ActiveCfg = Release|Any CPU
		{26B8BB75-982F-46D1-9106-1AF0A2E48726}.AppStore|iPhoneSimulator.ActiveCfg = Release|Any CPU
		{26B8BB75-982F-46D1-9106-1AF0A2E48726}.AppStore|Mixed Platforms.ActiveCfg = Release|Any CPU
		{26B8BB75-982F-46D1-9106-1AF0A2E48726}.AppStore|Mixed Platforms.Build.0 = Release|Any CPU
		{26B8BB75-982F-46D1-9106-1AF0A2E48726}.Debug|Any CPU.ActiveCfg = Debug|Any CPU
		{26B8BB75-982F-46D1-9106-1AF0A2E48726}.Debug|Any CPU.Build.0 = Debug|Any CPU
		{26B8BB75-982F-46D1-9106-1AF0A2E48726}.Debug|iPhone.ActiveCfg = Debug|Any CPU
		{26B8BB75-982F-46D1-9106-1AF0A2E48726}.Debug|iPhoneSimulator.ActiveCfg = Debug|Any CPU
		{26B8BB75-982F-46D1-9106-1AF0A2E48726}.Debug|Mixed Platforms.ActiveCfg = Debug|Any CPU
		{26B8BB75-982F-46D1-9106-1AF0A2E48726}.Debug|Mixed Platforms.Build.0 = Debug|Any CPU
		{26B8BB75-982F-46D1-9106-1AF0A2E48726}.Release|Any CPU.ActiveCfg = Release|Any CPU
		{26B8BB75-982F-46D1-9106-1AF0A2E48726}.Release|Any CPU.Build.0 = Release|Any CPU
		{26B8BB75-982F-46D1-9106-1AF0A2E48726}.Release|iPhone.ActiveCfg = Release|Any CPU
		{26B8BB75-982F-46D1-9106-1AF0A2E48726}.Release|iPhoneSimulator.ActiveCfg = Release|Any CPU
		{26B8BB75-982F-46D1-9106-1AF0A2E48726}.Release|Mixed Platforms.ActiveCfg = Release|Any CPU
		{26B8BB75-982F-46D1-9106-1AF0A2E48726}.Release|Mixed Platforms.Build.0 = Release|Any CPU
		{A1D24335-26DB-439E-A08F-D101E9E7B529}.Ad-Hoc|Any CPU.ActiveCfg = Release|Any CPU
		{A1D24335-26DB-439E-A08F-D101E9E7B529}.Ad-Hoc|Any CPU.Build.0 = Release|Any CPU
		{A1D24335-26DB-439E-A08F-D101E9E7B529}.Ad-Hoc|iPhone.ActiveCfg = Release|Any CPU
		{A1D24335-26DB-439E-A08F-D101E9E7B529}.Ad-Hoc|iPhoneSimulator.ActiveCfg = Release|Any CPU
		{A1D24335-26DB-439E-A08F-D101E9E7B529}.Ad-Hoc|Mixed Platforms.ActiveCfg = Release|Any CPU
		{A1D24335-26DB-439E-A08F-D101E9E7B529}.Ad-Hoc|Mixed Platforms.Build.0 = Release|Any CPU
		{A1D24335-26DB-439E-A08F-D101E9E7B529}.AppStore|Any CPU.ActiveCfg = Release|Any CPU
		{A1D24335-26DB-439E-A08F-D101E9E7B529}.AppStore|Any CPU.Build.0 = Release|Any CPU
		{A1D24335-26DB-439E-A08F-D101E9E7B529}.AppStore|iPhone.ActiveCfg = Release|Any CPU
		{A1D24335-26DB-439E-A08F-D101E9E7B529}.AppStore|iPhoneSimulator.ActiveCfg = Release|Any CPU
		{A1D24335-26DB-439E-A08F-D101E9E7B529}.AppStore|Mixed Platforms.ActiveCfg = Release|Any CPU
		{A1D24335-26DB-439E-A08F-D101E9E7B529}.AppStore|Mixed Platforms.Build.0 = Release|Any CPU
		{A1D24335-26DB-439E-A08F-D101E9E7B529}.Debug|Any CPU.ActiveCfg = Debug|Any CPU
		{A1D24335-26DB-439E-A08F-D101E9E7B529}.Debug|Any CPU.Build.0 = Debug|Any CPU
		{A1D24335-26DB-439E-A08F-D101E9E7B529}.Debug|iPhone.ActiveCfg = Debug|Any CPU
		{A1D24335-26DB-439E-A08F-D101E9E7B529}.Debug|iPhoneSimulator.ActiveCfg = Debug|Any CPU
		{A1D24335-26DB-439E-A08F-D101E9E7B529}.Debug|Mixed Platforms.ActiveCfg = Debug|Any CPU
		{A1D24335-26DB-439E-A08F-D101E9E7B529}.Debug|Mixed Platforms.Build.0 = Debug|Any CPU
		{A1D24335-26DB-439E-A08F-D101E9E7B529}.Release|Any CPU.ActiveCfg = Release|Any CPU
		{A1D24335-26DB-439E-A08F-D101E9E7B529}.Release|Any CPU.Build.0 = Release|Any CPU
		{A1D24335-26DB-439E-A08F-D101E9E7B529}.Release|iPhone.ActiveCfg = Release|Any CPU
		{A1D24335-26DB-439E-A08F-D101E9E7B529}.Release|iPhoneSimulator.ActiveCfg = Release|Any CPU
		{A1D24335-26DB-439E-A08F-D101E9E7B529}.Release|Mixed Platforms.ActiveCfg = Release|Any CPU
		{A1D24335-26DB-439E-A08F-D101E9E7B529}.Release|Mixed Platforms.Build.0 = Release|Any CPU
		{E11A79DF-F281-4BE8-8E8E-760D44C408B8}.Ad-Hoc|Any CPU.ActiveCfg = Release|Any CPU
		{E11A79DF-F281-4BE8-8E8E-760D44C408B8}.Ad-Hoc|Any CPU.Build.0 = Release|Any CPU
		{E11A79DF-F281-4BE8-8E8E-760D44C408B8}.Ad-Hoc|iPhone.ActiveCfg = Release|Any CPU
		{E11A79DF-F281-4BE8-8E8E-760D44C408B8}.Ad-Hoc|iPhoneSimulator.ActiveCfg = Release|Any CPU
		{E11A79DF-F281-4BE8-8E8E-760D44C408B8}.Ad-Hoc|Mixed Platforms.ActiveCfg = Release|Any CPU
		{E11A79DF-F281-4BE8-8E8E-760D44C408B8}.Ad-Hoc|Mixed Platforms.Build.0 = Release|Any CPU
		{E11A79DF-F281-4BE8-8E8E-760D44C408B8}.AppStore|Any CPU.ActiveCfg = Release|Any CPU
		{E11A79DF-F281-4BE8-8E8E-760D44C408B8}.AppStore|Any CPU.Build.0 = Release|Any CPU
		{E11A79DF-F281-4BE8-8E8E-760D44C408B8}.AppStore|iPhone.ActiveCfg = Release|Any CPU
		{E11A79DF-F281-4BE8-8E8E-760D44C408B8}.AppStore|iPhoneSimulator.ActiveCfg = Release|Any CPU
		{E11A79DF-F281-4BE8-8E8E-760D44C408B8}.AppStore|Mixed Platforms.ActiveCfg = Release|Any CPU
		{E11A79DF-F281-4BE8-8E8E-760D44C408B8}.AppStore|Mixed Platforms.Build.0 = Release|Any CPU
		{E11A79DF-F281-4BE8-8E8E-760D44C408B8}.Debug|Any CPU.ActiveCfg = Debug|Any CPU
		{E11A79DF-F281-4BE8-8E8E-760D44C408B8}.Debug|Any CPU.Build.0 = Debug|Any CPU
		{E11A79DF-F281-4BE8-8E8E-760D44C408B8}.Debug|iPhone.ActiveCfg = Debug|Any CPU
		{E11A79DF-F281-4BE8-8E8E-760D44C408B8}.Debug|iPhoneSimulator.ActiveCfg = Debug|Any CPU
		{E11A79DF-F281-4BE8-8E8E-760D44C408B8}.Debug|Mixed Platforms.ActiveCfg = Debug|Any CPU
		{E11A79DF-F281-4BE8-8E8E-760D44C408B8}.Debug|Mixed Platforms.Build.0 = Debug|Any CPU
		{E11A79DF-F281-4BE8-8E8E-760D44C408B8}.Release|Any CPU.ActiveCfg = Release|Any CPU
		{E11A79DF-F281-4BE8-8E8E-760D44C408B8}.Release|Any CPU.Build.0 = Release|Any CPU
		{E11A79DF-F281-4BE8-8E8E-760D44C408B8}.Release|iPhone.ActiveCfg = Release|Any CPU
		{E11A79DF-F281-4BE8-8E8E-760D44C408B8}.Release|iPhoneSimulator.ActiveCfg = Release|Any CPU
		{E11A79DF-F281-4BE8-8E8E-760D44C408B8}.Release|Mixed Platforms.ActiveCfg = Release|Any CPU
		{E11A79DF-F281-4BE8-8E8E-760D44C408B8}.Release|Mixed Platforms.Build.0 = Release|Any CPU
		{155C8B95-C415-4B89-9809-49A3829F5251}.Ad-Hoc|Any CPU.ActiveCfg = Release|Any CPU
		{155C8B95-C415-4B89-9809-49A3829F5251}.Ad-Hoc|Any CPU.Build.0 = Release|Any CPU
		{155C8B95-C415-4B89-9809-49A3829F5251}.Ad-Hoc|iPhone.ActiveCfg = Release|Any CPU
		{155C8B95-C415-4B89-9809-49A3829F5251}.Ad-Hoc|iPhoneSimulator.ActiveCfg = Release|Any CPU
		{155C8B95-C415-4B89-9809-49A3829F5251}.Ad-Hoc|Mixed Platforms.ActiveCfg = Release|Any CPU
		{155C8B95-C415-4B89-9809-49A3829F5251}.Ad-Hoc|Mixed Platforms.Build.0 = Release|Any CPU
		{155C8B95-C415-4B89-9809-49A3829F5251}.AppStore|Any CPU.ActiveCfg = Release|Any CPU
		{155C8B95-C415-4B89-9809-49A3829F5251}.AppStore|Any CPU.Build.0 = Release|Any CPU
		{155C8B95-C415-4B89-9809-49A3829F5251}.AppStore|iPhone.ActiveCfg = Release|Any CPU
		{155C8B95-C415-4B89-9809-49A3829F5251}.AppStore|iPhoneSimulator.ActiveCfg = Release|Any CPU
		{155C8B95-C415-4B89-9809-49A3829F5251}.AppStore|Mixed Platforms.ActiveCfg = Release|Any CPU
		{155C8B95-C415-4B89-9809-49A3829F5251}.AppStore|Mixed Platforms.Build.0 = Release|Any CPU
		{155C8B95-C415-4B89-9809-49A3829F5251}.Debug|Any CPU.ActiveCfg = Debug|Any CPU
		{155C8B95-C415-4B89-9809-49A3829F5251}.Debug|Any CPU.Build.0 = Debug|Any CPU
		{155C8B95-C415-4B89-9809-49A3829F5251}.Debug|iPhone.ActiveCfg = Debug|Any CPU
		{155C8B95-C415-4B89-9809-49A3829F5251}.Debug|iPhoneSimulator.ActiveCfg = Debug|Any CPU
		{155C8B95-C415-4B89-9809-49A3829F5251}.Debug|Mixed Platforms.ActiveCfg = Debug|Any CPU
		{155C8B95-C415-4B89-9809-49A3829F5251}.Debug|Mixed Platforms.Build.0 = Debug|Any CPU
		{155C8B95-C415-4B89-9809-49A3829F5251}.Release|Any CPU.ActiveCfg = Release|Any CPU
		{155C8B95-C415-4B89-9809-49A3829F5251}.Release|Any CPU.Build.0 = Release|Any CPU
		{155C8B95-C415-4B89-9809-49A3829F5251}.Release|iPhone.ActiveCfg = Release|Any CPU
		{155C8B95-C415-4B89-9809-49A3829F5251}.Release|iPhoneSimulator.ActiveCfg = Release|Any CPU
		{155C8B95-C415-4B89-9809-49A3829F5251}.Release|Mixed Platforms.ActiveCfg = Release|Any CPU
		{155C8B95-C415-4B89-9809-49A3829F5251}.Release|Mixed Platforms.Build.0 = Release|Any CPU
		{38ADF8A4-E389-4EA3-A710-BE4753FEB086}.Ad-Hoc|Any CPU.ActiveCfg = Release|Any CPU
		{38ADF8A4-E389-4EA3-A710-BE4753FEB086}.Ad-Hoc|Any CPU.Build.0 = Release|Any CPU
		{38ADF8A4-E389-4EA3-A710-BE4753FEB086}.Ad-Hoc|iPhone.ActiveCfg = Release|Any CPU
		{38ADF8A4-E389-4EA3-A710-BE4753FEB086}.Ad-Hoc|iPhoneSimulator.ActiveCfg = Release|Any CPU
		{38ADF8A4-E389-4EA3-A710-BE4753FEB086}.Ad-Hoc|Mixed Platforms.ActiveCfg = Release|Any CPU
		{38ADF8A4-E389-4EA3-A710-BE4753FEB086}.Ad-Hoc|Mixed Platforms.Build.0 = Release|Any CPU
		{38ADF8A4-E389-4EA3-A710-BE4753FEB086}.AppStore|Any CPU.ActiveCfg = Release|Any CPU
		{38ADF8A4-E389-4EA3-A710-BE4753FEB086}.AppStore|Any CPU.Build.0 = Release|Any CPU
		{38ADF8A4-E389-4EA3-A710-BE4753FEB086}.AppStore|iPhone.ActiveCfg = Release|Any CPU
		{38ADF8A4-E389-4EA3-A710-BE4753FEB086}.AppStore|iPhoneSimulator.ActiveCfg = Release|Any CPU
		{38ADF8A4-E389-4EA3-A710-BE4753FEB086}.AppStore|Mixed Platforms.ActiveCfg = Release|Any CPU
		{38ADF8A4-E389-4EA3-A710-BE4753FEB086}.AppStore|Mixed Platforms.Build.0 = Release|Any CPU
		{38ADF8A4-E389-4EA3-A710-BE4753FEB086}.Debug|Any CPU.ActiveCfg = Debug|Any CPU
		{38ADF8A4-E389-4EA3-A710-BE4753FEB086}.Debug|Any CPU.Build.0 = Debug|Any CPU
		{38ADF8A4-E389-4EA3-A710-BE4753FEB086}.Debug|iPhone.ActiveCfg = Debug|Any CPU
		{38ADF8A4-E389-4EA3-A710-BE4753FEB086}.Debug|iPhoneSimulator.ActiveCfg = Debug|Any CPU
		{38ADF8A4-E389-4EA3-A710-BE4753FEB086}.Debug|Mixed Platforms.ActiveCfg = Debug|Any CPU
		{38ADF8A4-E389-4EA3-A710-BE4753FEB086}.Debug|Mixed Platforms.Build.0 = Debug|Any CPU
		{38ADF8A4-E389-4EA3-A710-BE4753FEB086}.Release|Any CPU.ActiveCfg = Release|Any CPU
		{38ADF8A4-E389-4EA3-A710-BE4753FEB086}.Release|Any CPU.Build.0 = Release|Any CPU
		{38ADF8A4-E389-4EA3-A710-BE4753FEB086}.Release|iPhone.ActiveCfg = Release|Any CPU
		{38ADF8A4-E389-4EA3-A710-BE4753FEB086}.Release|iPhoneSimulator.ActiveCfg = Release|Any CPU
		{38ADF8A4-E389-4EA3-A710-BE4753FEB086}.Release|Mixed Platforms.ActiveCfg = Release|Any CPU
		{38ADF8A4-E389-4EA3-A710-BE4753FEB086}.Release|Mixed Platforms.Build.0 = Release|Any CPU
		{AF966DD3-ECC5-43C9-8405-1AEC63ABC5CB}.Ad-Hoc|Any CPU.ActiveCfg = Release|Any CPU
		{AF966DD3-ECC5-43C9-8405-1AEC63ABC5CB}.Ad-Hoc|Any CPU.Build.0 = Release|Any CPU
		{AF966DD3-ECC5-43C9-8405-1AEC63ABC5CB}.Ad-Hoc|iPhone.ActiveCfg = Release|Any CPU
		{AF966DD3-ECC5-43C9-8405-1AEC63ABC5CB}.Ad-Hoc|iPhoneSimulator.ActiveCfg = Release|Any CPU
		{AF966DD3-ECC5-43C9-8405-1AEC63ABC5CB}.Ad-Hoc|Mixed Platforms.ActiveCfg = Release|Any CPU
		{AF966DD3-ECC5-43C9-8405-1AEC63ABC5CB}.Ad-Hoc|Mixed Platforms.Build.0 = Release|Any CPU
		{AF966DD3-ECC5-43C9-8405-1AEC63ABC5CB}.AppStore|Any CPU.ActiveCfg = Release|Any CPU
		{AF966DD3-ECC5-43C9-8405-1AEC63ABC5CB}.AppStore|Any CPU.Build.0 = Release|Any CPU
		{AF966DD3-ECC5-43C9-8405-1AEC63ABC5CB}.AppStore|iPhone.ActiveCfg = Release|Any CPU
		{AF966DD3-ECC5-43C9-8405-1AEC63ABC5CB}.AppStore|iPhoneSimulator.ActiveCfg = Release|Any CPU
		{AF966DD3-ECC5-43C9-8405-1AEC63ABC5CB}.AppStore|Mixed Platforms.ActiveCfg = Release|Any CPU
		{AF966DD3-ECC5-43C9-8405-1AEC63ABC5CB}.AppStore|Mixed Platforms.Build.0 = Release|Any CPU
		{AF966DD3-ECC5-43C9-8405-1AEC63ABC5CB}.Debug|Any CPU.ActiveCfg = Debug|Any CPU
		{AF966DD3-ECC5-43C9-8405-1AEC63ABC5CB}.Debug|Any CPU.Build.0 = Debug|Any CPU
		{AF966DD3-ECC5-43C9-8405-1AEC63ABC5CB}.Debug|iPhone.ActiveCfg = Debug|Any CPU
		{AF966DD3-ECC5-43C9-8405-1AEC63ABC5CB}.Debug|iPhoneSimulator.ActiveCfg = Debug|Any CPU
		{AF966DD3-ECC5-43C9-8405-1AEC63ABC5CB}.Debug|Mixed Platforms.ActiveCfg = Debug|Any CPU
		{AF966DD3-ECC5-43C9-8405-1AEC63ABC5CB}.Debug|Mixed Platforms.Build.0 = Debug|Any CPU
		{AF966DD3-ECC5-43C9-8405-1AEC63ABC5CB}.Release|Any CPU.ActiveCfg = Release|Any CPU
		{AF966DD3-ECC5-43C9-8405-1AEC63ABC5CB}.Release|Any CPU.Build.0 = Release|Any CPU
		{AF966DD3-ECC5-43C9-8405-1AEC63ABC5CB}.Release|iPhone.ActiveCfg = Release|Any CPU
		{AF966DD3-ECC5-43C9-8405-1AEC63ABC5CB}.Release|iPhoneSimulator.ActiveCfg = Release|Any CPU
		{AF966DD3-ECC5-43C9-8405-1AEC63ABC5CB}.Release|Mixed Platforms.ActiveCfg = Release|Any CPU
		{AF966DD3-ECC5-43C9-8405-1AEC63ABC5CB}.Release|Mixed Platforms.Build.0 = Release|Any CPU
		{2252762E-3BB0-4B8A-B6D2-A1B9B6F25519}.Ad-Hoc|Any CPU.ActiveCfg = Release|Any CPU
		{2252762E-3BB0-4B8A-B6D2-A1B9B6F25519}.Ad-Hoc|Any CPU.Build.0 = Release|Any CPU
		{2252762E-3BB0-4B8A-B6D2-A1B9B6F25519}.Ad-Hoc|iPhone.ActiveCfg = Release|Any CPU
		{2252762E-3BB0-4B8A-B6D2-A1B9B6F25519}.Ad-Hoc|iPhoneSimulator.ActiveCfg = Release|Any CPU
		{2252762E-3BB0-4B8A-B6D2-A1B9B6F25519}.Ad-Hoc|Mixed Platforms.ActiveCfg = Release|Any CPU
		{2252762E-3BB0-4B8A-B6D2-A1B9B6F25519}.Ad-Hoc|Mixed Platforms.Build.0 = Release|Any CPU
		{2252762E-3BB0-4B8A-B6D2-A1B9B6F25519}.AppStore|Any CPU.ActiveCfg = Release|Any CPU
		{2252762E-3BB0-4B8A-B6D2-A1B9B6F25519}.AppStore|Any CPU.Build.0 = Release|Any CPU
		{2252762E-3BB0-4B8A-B6D2-A1B9B6F25519}.AppStore|iPhone.ActiveCfg = Release|Any CPU
		{2252762E-3BB0-4B8A-B6D2-A1B9B6F25519}.AppStore|iPhoneSimulator.ActiveCfg = Release|Any CPU
		{2252762E-3BB0-4B8A-B6D2-A1B9B6F25519}.AppStore|Mixed Platforms.ActiveCfg = Release|Any CPU
		{2252762E-3BB0-4B8A-B6D2-A1B9B6F25519}.AppStore|Mixed Platforms.Build.0 = Release|Any CPU
		{2252762E-3BB0-4B8A-B6D2-A1B9B6F25519}.Debug|Any CPU.ActiveCfg = Debug|Any CPU
		{2252762E-3BB0-4B8A-B6D2-A1B9B6F25519}.Debug|Any CPU.Build.0 = Debug|Any CPU
		{2252762E-3BB0-4B8A-B6D2-A1B9B6F25519}.Debug|iPhone.ActiveCfg = Debug|Any CPU
		{2252762E-3BB0-4B8A-B6D2-A1B9B6F25519}.Debug|iPhoneSimulator.ActiveCfg = Debug|Any CPU
		{2252762E-3BB0-4B8A-B6D2-A1B9B6F25519}.Debug|Mixed Platforms.ActiveCfg = Debug|Any CPU
		{2252762E-3BB0-4B8A-B6D2-A1B9B6F25519}.Debug|Mixed Platforms.Build.0 = Debug|Any CPU
		{2252762E-3BB0-4B8A-B6D2-A1B9B6F25519}.Release|Any CPU.ActiveCfg = Release|Any CPU
		{2252762E-3BB0-4B8A-B6D2-A1B9B6F25519}.Release|Any CPU.Build.0 = Release|Any CPU
		{2252762E-3BB0-4B8A-B6D2-A1B9B6F25519}.Release|iPhone.ActiveCfg = Release|Any CPU
		{2252762E-3BB0-4B8A-B6D2-A1B9B6F25519}.Release|iPhoneSimulator.ActiveCfg = Release|Any CPU
		{2252762E-3BB0-4B8A-B6D2-A1B9B6F25519}.Release|Mixed Platforms.ActiveCfg = Release|Any CPU
		{2252762E-3BB0-4B8A-B6D2-A1B9B6F25519}.Release|Mixed Platforms.Build.0 = Release|Any CPU
		{A937EEF7-DF2D-4008-B70C-504926E88C88}.Ad-Hoc|Any CPU.ActiveCfg = Release|Any CPU
		{A937EEF7-DF2D-4008-B70C-504926E88C88}.Ad-Hoc|Any CPU.Build.0 = Release|Any CPU
		{A937EEF7-DF2D-4008-B70C-504926E88C88}.Ad-Hoc|iPhone.ActiveCfg = Release|Any CPU
		{A937EEF7-DF2D-4008-B70C-504926E88C88}.Ad-Hoc|iPhoneSimulator.ActiveCfg = Release|Any CPU
		{A937EEF7-DF2D-4008-B70C-504926E88C88}.Ad-Hoc|Mixed Platforms.ActiveCfg = Release|Any CPU
		{A937EEF7-DF2D-4008-B70C-504926E88C88}.Ad-Hoc|Mixed Platforms.Build.0 = Release|Any CPU
		{A937EEF7-DF2D-4008-B70C-504926E88C88}.AppStore|Any CPU.ActiveCfg = Release|Any CPU
		{A937EEF7-DF2D-4008-B70C-504926E88C88}.AppStore|Any CPU.Build.0 = Release|Any CPU
		{A937EEF7-DF2D-4008-B70C-504926E88C88}.AppStore|iPhone.ActiveCfg = Release|Any CPU
		{A937EEF7-DF2D-4008-B70C-504926E88C88}.AppStore|iPhoneSimulator.ActiveCfg = Release|Any CPU
		{A937EEF7-DF2D-4008-B70C-504926E88C88}.AppStore|Mixed Platforms.ActiveCfg = Release|Any CPU
		{A937EEF7-DF2D-4008-B70C-504926E88C88}.AppStore|Mixed Platforms.Build.0 = Release|Any CPU
		{A937EEF7-DF2D-4008-B70C-504926E88C88}.Debug|Any CPU.ActiveCfg = Debug|Any CPU
		{A937EEF7-DF2D-4008-B70C-504926E88C88}.Debug|Any CPU.Build.0 = Debug|Any CPU
		{A937EEF7-DF2D-4008-B70C-504926E88C88}.Debug|iPhone.ActiveCfg = Debug|Any CPU
		{A937EEF7-DF2D-4008-B70C-504926E88C88}.Debug|iPhoneSimulator.ActiveCfg = Debug|Any CPU
		{A937EEF7-DF2D-4008-B70C-504926E88C88}.Debug|Mixed Platforms.ActiveCfg = Debug|Any CPU
		{A937EEF7-DF2D-4008-B70C-504926E88C88}.Debug|Mixed Platforms.Build.0 = Debug|Any CPU
		{A937EEF7-DF2D-4008-B70C-504926E88C88}.Release|Any CPU.ActiveCfg = Release|Any CPU
		{A937EEF7-DF2D-4008-B70C-504926E88C88}.Release|Any CPU.Build.0 = Release|Any CPU
		{A937EEF7-DF2D-4008-B70C-504926E88C88}.Release|iPhone.ActiveCfg = Release|Any CPU
		{A937EEF7-DF2D-4008-B70C-504926E88C88}.Release|iPhoneSimulator.ActiveCfg = Release|Any CPU
		{A937EEF7-DF2D-4008-B70C-504926E88C88}.Release|Mixed Platforms.ActiveCfg = Release|Any CPU
		{A937EEF7-DF2D-4008-B70C-504926E88C88}.Release|Mixed Platforms.Build.0 = Release|Any CPU
		{4238A828-1C98-4B5B-BB1B-76E8303D0EB9}.Ad-Hoc|Any CPU.ActiveCfg = Release|Any CPU
		{4238A828-1C98-4B5B-BB1B-76E8303D0EB9}.Ad-Hoc|Any CPU.Build.0 = Release|Any CPU
		{4238A828-1C98-4B5B-BB1B-76E8303D0EB9}.Ad-Hoc|Any CPU.Deploy.0 = Release|Any CPU
		{4238A828-1C98-4B5B-BB1B-76E8303D0EB9}.Ad-Hoc|iPhone.ActiveCfg = Release|Any CPU
		{4238A828-1C98-4B5B-BB1B-76E8303D0EB9}.Ad-Hoc|iPhoneSimulator.ActiveCfg = Release|Any CPU
		{4238A828-1C98-4B5B-BB1B-76E8303D0EB9}.Ad-Hoc|Mixed Platforms.ActiveCfg = Release|Any CPU
		{4238A828-1C98-4B5B-BB1B-76E8303D0EB9}.Ad-Hoc|Mixed Platforms.Build.0 = Release|Any CPU
		{4238A828-1C98-4B5B-BB1B-76E8303D0EB9}.Ad-Hoc|Mixed Platforms.Deploy.0 = Release|Any CPU
		{4238A828-1C98-4B5B-BB1B-76E8303D0EB9}.AppStore|Any CPU.ActiveCfg = Release|Any CPU
		{4238A828-1C98-4B5B-BB1B-76E8303D0EB9}.AppStore|Any CPU.Build.0 = Release|Any CPU
		{4238A828-1C98-4B5B-BB1B-76E8303D0EB9}.AppStore|Any CPU.Deploy.0 = Release|Any CPU
		{4238A828-1C98-4B5B-BB1B-76E8303D0EB9}.AppStore|iPhone.ActiveCfg = Release|Any CPU
		{4238A828-1C98-4B5B-BB1B-76E8303D0EB9}.AppStore|iPhoneSimulator.ActiveCfg = Release|Any CPU
		{4238A828-1C98-4B5B-BB1B-76E8303D0EB9}.AppStore|Mixed Platforms.ActiveCfg = Release|Any CPU
		{4238A828-1C98-4B5B-BB1B-76E8303D0EB9}.AppStore|Mixed Platforms.Build.0 = Release|Any CPU
		{4238A828-1C98-4B5B-BB1B-76E8303D0EB9}.AppStore|Mixed Platforms.Deploy.0 = Release|Any CPU
		{4238A828-1C98-4B5B-BB1B-76E8303D0EB9}.Debug|Any CPU.ActiveCfg = Debug|Any CPU
		{4238A828-1C98-4B5B-BB1B-76E8303D0EB9}.Debug|Any CPU.Build.0 = Debug|Any CPU
		{4238A828-1C98-4B5B-BB1B-76E8303D0EB9}.Debug|Any CPU.Deploy.0 = Debug|Any CPU
		{4238A828-1C98-4B5B-BB1B-76E8303D0EB9}.Debug|iPhone.ActiveCfg = Debug|Any CPU
		{4238A828-1C98-4B5B-BB1B-76E8303D0EB9}.Debug|iPhoneSimulator.ActiveCfg = Debug|Any CPU
		{4238A828-1C98-4B5B-BB1B-76E8303D0EB9}.Debug|Mixed Platforms.ActiveCfg = Debug|Any CPU
		{4238A828-1C98-4B5B-BB1B-76E8303D0EB9}.Debug|Mixed Platforms.Build.0 = Debug|Any CPU
		{4238A828-1C98-4B5B-BB1B-76E8303D0EB9}.Debug|Mixed Platforms.Deploy.0 = Debug|Any CPU
		{4238A828-1C98-4B5B-BB1B-76E8303D0EB9}.Release|Any CPU.ActiveCfg = Release|Any CPU
		{4238A828-1C98-4B5B-BB1B-76E8303D0EB9}.Release|Any CPU.Build.0 = Release|Any CPU
		{4238A828-1C98-4B5B-BB1B-76E8303D0EB9}.Release|Any CPU.Deploy.0 = Release|Any CPU
		{4238A828-1C98-4B5B-BB1B-76E8303D0EB9}.Release|iPhone.ActiveCfg = Release|Any CPU
		{4238A828-1C98-4B5B-BB1B-76E8303D0EB9}.Release|iPhoneSimulator.ActiveCfg = Release|Any CPU
		{4238A828-1C98-4B5B-BB1B-76E8303D0EB9}.Release|Mixed Platforms.ActiveCfg = Release|Any CPU
		{4238A828-1C98-4B5B-BB1B-76E8303D0EB9}.Release|Mixed Platforms.Build.0 = Release|Any CPU
		{4238A828-1C98-4B5B-BB1B-76E8303D0EB9}.Release|Mixed Platforms.Deploy.0 = Release|Any CPU
		{B00C125D-B8AA-4931-A68B-B0819462E752}.Ad-Hoc|Any CPU.ActiveCfg = Release|Any CPU
		{B00C125D-B8AA-4931-A68B-B0819462E752}.Ad-Hoc|Any CPU.Build.0 = Release|Any CPU
		{B00C125D-B8AA-4931-A68B-B0819462E752}.Ad-Hoc|iPhone.ActiveCfg = Release|Any CPU
		{B00C125D-B8AA-4931-A68B-B0819462E752}.Ad-Hoc|iPhoneSimulator.ActiveCfg = Release|Any CPU
		{B00C125D-B8AA-4931-A68B-B0819462E752}.Ad-Hoc|Mixed Platforms.ActiveCfg = Release|Any CPU
		{B00C125D-B8AA-4931-A68B-B0819462E752}.Ad-Hoc|Mixed Platforms.Build.0 = Release|Any CPU
		{B00C125D-B8AA-4931-A68B-B0819462E752}.AppStore|Any CPU.ActiveCfg = Release|Any CPU
		{B00C125D-B8AA-4931-A68B-B0819462E752}.AppStore|Any CPU.Build.0 = Release|Any CPU
		{B00C125D-B8AA-4931-A68B-B0819462E752}.AppStore|iPhone.ActiveCfg = Release|Any CPU
		{B00C125D-B8AA-4931-A68B-B0819462E752}.AppStore|iPhoneSimulator.ActiveCfg = Release|Any CPU
		{B00C125D-B8AA-4931-A68B-B0819462E752}.AppStore|Mixed Platforms.ActiveCfg = Release|Any CPU
		{B00C125D-B8AA-4931-A68B-B0819462E752}.AppStore|Mixed Platforms.Build.0 = Release|Any CPU
		{B00C125D-B8AA-4931-A68B-B0819462E752}.Debug|Any CPU.ActiveCfg = Debug|Any CPU
		{B00C125D-B8AA-4931-A68B-B0819462E752}.Debug|Any CPU.Build.0 = Debug|Any CPU
		{B00C125D-B8AA-4931-A68B-B0819462E752}.Debug|iPhone.ActiveCfg = Debug|Any CPU
		{B00C125D-B8AA-4931-A68B-B0819462E752}.Debug|iPhoneSimulator.ActiveCfg = Debug|Any CPU
		{B00C125D-B8AA-4931-A68B-B0819462E752}.Debug|Mixed Platforms.ActiveCfg = Debug|Any CPU
		{B00C125D-B8AA-4931-A68B-B0819462E752}.Debug|Mixed Platforms.Build.0 = Debug|Any CPU
		{B00C125D-B8AA-4931-A68B-B0819462E752}.Release|Any CPU.ActiveCfg = Release|Any CPU
		{B00C125D-B8AA-4931-A68B-B0819462E752}.Release|Any CPU.Build.0 = Release|Any CPU
		{B00C125D-B8AA-4931-A68B-B0819462E752}.Release|iPhone.ActiveCfg = Release|Any CPU
		{B00C125D-B8AA-4931-A68B-B0819462E752}.Release|iPhoneSimulator.ActiveCfg = Release|Any CPU
		{B00C125D-B8AA-4931-A68B-B0819462E752}.Release|Mixed Platforms.ActiveCfg = Release|Any CPU
		{B00C125D-B8AA-4931-A68B-B0819462E752}.Release|Mixed Platforms.Build.0 = Release|Any CPU
		{F270045B-3485-452C-A431-034098AE8051}.Ad-Hoc|Any CPU.ActiveCfg = Release|Any CPU
		{F270045B-3485-452C-A431-034098AE8051}.Ad-Hoc|Any CPU.Build.0 = Release|Any CPU
		{F270045B-3485-452C-A431-034098AE8051}.Ad-Hoc|iPhone.ActiveCfg = Release|Any CPU
		{F270045B-3485-452C-A431-034098AE8051}.Ad-Hoc|iPhoneSimulator.ActiveCfg = Release|Any CPU
		{F270045B-3485-452C-A431-034098AE8051}.Ad-Hoc|Mixed Platforms.ActiveCfg = Release|Any CPU
		{F270045B-3485-452C-A431-034098AE8051}.Ad-Hoc|Mixed Platforms.Build.0 = Release|Any CPU
		{F270045B-3485-452C-A431-034098AE8051}.AppStore|Any CPU.ActiveCfg = Release|Any CPU
		{F270045B-3485-452C-A431-034098AE8051}.AppStore|Any CPU.Build.0 = Release|Any CPU
		{F270045B-3485-452C-A431-034098AE8051}.AppStore|iPhone.ActiveCfg = Release|Any CPU
		{F270045B-3485-452C-A431-034098AE8051}.AppStore|iPhoneSimulator.ActiveCfg = Release|Any CPU
		{F270045B-3485-452C-A431-034098AE8051}.AppStore|Mixed Platforms.ActiveCfg = Release|Any CPU
		{F270045B-3485-452C-A431-034098AE8051}.AppStore|Mixed Platforms.Build.0 = Release|Any CPU
		{F270045B-3485-452C-A431-034098AE8051}.Debug|Any CPU.ActiveCfg = Debug|Any CPU
		{F270045B-3485-452C-A431-034098AE8051}.Debug|Any CPU.Build.0 = Debug|Any CPU
		{F270045B-3485-452C-A431-034098AE8051}.Debug|iPhone.ActiveCfg = Debug|Any CPU
		{F270045B-3485-452C-A431-034098AE8051}.Debug|iPhoneSimulator.ActiveCfg = Debug|Any CPU
		{F270045B-3485-452C-A431-034098AE8051}.Debug|Mixed Platforms.ActiveCfg = Debug|Any CPU
		{F270045B-3485-452C-A431-034098AE8051}.Debug|Mixed Platforms.Build.0 = Debug|Any CPU
		{F270045B-3485-452C-A431-034098AE8051}.Release|Any CPU.ActiveCfg = Release|Any CPU
		{F270045B-3485-452C-A431-034098AE8051}.Release|Any CPU.Build.0 = Release|Any CPU
		{F270045B-3485-452C-A431-034098AE8051}.Release|iPhone.ActiveCfg = Release|Any CPU
		{F270045B-3485-452C-A431-034098AE8051}.Release|iPhoneSimulator.ActiveCfg = Release|Any CPU
		{F270045B-3485-452C-A431-034098AE8051}.Release|Mixed Platforms.ActiveCfg = Release|Any CPU
		{F270045B-3485-452C-A431-034098AE8051}.Release|Mixed Platforms.Build.0 = Release|Any CPU
		{D6FE349B-4440-4381-A249-3C91EAFFC954}.Ad-Hoc|Any CPU.ActiveCfg = Release|Any CPU
		{D6FE349B-4440-4381-A249-3C91EAFFC954}.Ad-Hoc|Any CPU.Build.0 = Release|Any CPU
		{D6FE349B-4440-4381-A249-3C91EAFFC954}.Ad-Hoc|iPhone.ActiveCfg = Release|Any CPU
		{D6FE349B-4440-4381-A249-3C91EAFFC954}.Ad-Hoc|iPhoneSimulator.ActiveCfg = Release|Any CPU
		{D6FE349B-4440-4381-A249-3C91EAFFC954}.Ad-Hoc|Mixed Platforms.ActiveCfg = Release|Any CPU
		{D6FE349B-4440-4381-A249-3C91EAFFC954}.Ad-Hoc|Mixed Platforms.Build.0 = Release|Any CPU
		{D6FE349B-4440-4381-A249-3C91EAFFC954}.AppStore|Any CPU.ActiveCfg = Release|Any CPU
		{D6FE349B-4440-4381-A249-3C91EAFFC954}.AppStore|Any CPU.Build.0 = Release|Any CPU
		{D6FE349B-4440-4381-A249-3C91EAFFC954}.AppStore|iPhone.ActiveCfg = Release|Any CPU
		{D6FE349B-4440-4381-A249-3C91EAFFC954}.AppStore|iPhoneSimulator.ActiveCfg = Release|Any CPU
		{D6FE349B-4440-4381-A249-3C91EAFFC954}.AppStore|Mixed Platforms.ActiveCfg = Release|Any CPU
		{D6FE349B-4440-4381-A249-3C91EAFFC954}.AppStore|Mixed Platforms.Build.0 = Release|Any CPU
		{D6FE349B-4440-4381-A249-3C91EAFFC954}.Debug|Any CPU.ActiveCfg = Debug|Any CPU
		{D6FE349B-4440-4381-A249-3C91EAFFC954}.Debug|Any CPU.Build.0 = Debug|Any CPU
		{D6FE349B-4440-4381-A249-3C91EAFFC954}.Debug|iPhone.ActiveCfg = Debug|Any CPU
		{D6FE349B-4440-4381-A249-3C91EAFFC954}.Debug|iPhoneSimulator.ActiveCfg = Debug|Any CPU
		{D6FE349B-4440-4381-A249-3C91EAFFC954}.Debug|Mixed Platforms.ActiveCfg = Debug|Any CPU
		{D6FE349B-4440-4381-A249-3C91EAFFC954}.Debug|Mixed Platforms.Build.0 = Debug|Any CPU
		{D6FE349B-4440-4381-A249-3C91EAFFC954}.Release|Any CPU.ActiveCfg = Release|Any CPU
		{D6FE349B-4440-4381-A249-3C91EAFFC954}.Release|Any CPU.Build.0 = Release|Any CPU
		{D6FE349B-4440-4381-A249-3C91EAFFC954}.Release|iPhone.ActiveCfg = Release|Any CPU
		{D6FE349B-4440-4381-A249-3C91EAFFC954}.Release|iPhoneSimulator.ActiveCfg = Release|Any CPU
		{D6FE349B-4440-4381-A249-3C91EAFFC954}.Release|Mixed Platforms.ActiveCfg = Release|Any CPU
		{D6FE349B-4440-4381-A249-3C91EAFFC954}.Release|Mixed Platforms.Build.0 = Release|Any CPU
		{E758B7AB-88E0-41FC-8293-76190894B9B2}.Ad-Hoc|Any CPU.ActiveCfg = Release|Any CPU
		{E758B7AB-88E0-41FC-8293-76190894B9B2}.Ad-Hoc|Any CPU.Build.0 = Release|Any CPU
		{E758B7AB-88E0-41FC-8293-76190894B9B2}.Ad-Hoc|iPhone.ActiveCfg = Release|Any CPU
		{E758B7AB-88E0-41FC-8293-76190894B9B2}.Ad-Hoc|iPhoneSimulator.ActiveCfg = Release|Any CPU
		{E758B7AB-88E0-41FC-8293-76190894B9B2}.Ad-Hoc|Mixed Platforms.ActiveCfg = Release|Any CPU
		{E758B7AB-88E0-41FC-8293-76190894B9B2}.Ad-Hoc|Mixed Platforms.Build.0 = Release|Any CPU
		{E758B7AB-88E0-41FC-8293-76190894B9B2}.AppStore|Any CPU.ActiveCfg = Release|Any CPU
		{E758B7AB-88E0-41FC-8293-76190894B9B2}.AppStore|Any CPU.Build.0 = Release|Any CPU
		{E758B7AB-88E0-41FC-8293-76190894B9B2}.AppStore|iPhone.ActiveCfg = Release|Any CPU
		{E758B7AB-88E0-41FC-8293-76190894B9B2}.AppStore|iPhoneSimulator.ActiveCfg = Release|Any CPU
		{E758B7AB-88E0-41FC-8293-76190894B9B2}.AppStore|Mixed Platforms.ActiveCfg = Release|Any CPU
		{E758B7AB-88E0-41FC-8293-76190894B9B2}.AppStore|Mixed Platforms.Build.0 = Release|Any CPU
		{E758B7AB-88E0-41FC-8293-76190894B9B2}.Debug|Any CPU.ActiveCfg = Debug|Any CPU
		{E758B7AB-88E0-41FC-8293-76190894B9B2}.Debug|Any CPU.Build.0 = Debug|Any CPU
		{E758B7AB-88E0-41FC-8293-76190894B9B2}.Debug|iPhone.ActiveCfg = Debug|Any CPU
		{E758B7AB-88E0-41FC-8293-76190894B9B2}.Debug|iPhoneSimulator.ActiveCfg = Debug|Any CPU
		{E758B7AB-88E0-41FC-8293-76190894B9B2}.Debug|Mixed Platforms.ActiveCfg = Debug|Any CPU
		{E758B7AB-88E0-41FC-8293-76190894B9B2}.Debug|Mixed Platforms.Build.0 = Debug|Any CPU
		{E758B7AB-88E0-41FC-8293-76190894B9B2}.Release|Any CPU.ActiveCfg = Release|Any CPU
		{E758B7AB-88E0-41FC-8293-76190894B9B2}.Release|Any CPU.Build.0 = Release|Any CPU
		{E758B7AB-88E0-41FC-8293-76190894B9B2}.Release|iPhone.ActiveCfg = Release|Any CPU
		{E758B7AB-88E0-41FC-8293-76190894B9B2}.Release|iPhoneSimulator.ActiveCfg = Release|Any CPU
		{E758B7AB-88E0-41FC-8293-76190894B9B2}.Release|Mixed Platforms.ActiveCfg = Release|Any CPU
		{E758B7AB-88E0-41FC-8293-76190894B9B2}.Release|Mixed Platforms.Build.0 = Release|Any CPU
		{54D3E7B3-A5B2-4E2B-8A1A-2A3F38D818AE}.Ad-Hoc|Any CPU.ActiveCfg = Release|Any CPU
		{54D3E7B3-A5B2-4E2B-8A1A-2A3F38D818AE}.Ad-Hoc|Any CPU.Build.0 = Release|Any CPU
		{54D3E7B3-A5B2-4E2B-8A1A-2A3F38D818AE}.Ad-Hoc|iPhone.ActiveCfg = Release|Any CPU
		{54D3E7B3-A5B2-4E2B-8A1A-2A3F38D818AE}.Ad-Hoc|iPhoneSimulator.ActiveCfg = Release|Any CPU
		{54D3E7B3-A5B2-4E2B-8A1A-2A3F38D818AE}.Ad-Hoc|Mixed Platforms.ActiveCfg = Release|Any CPU
		{54D3E7B3-A5B2-4E2B-8A1A-2A3F38D818AE}.Ad-Hoc|Mixed Platforms.Build.0 = Release|Any CPU
		{54D3E7B3-A5B2-4E2B-8A1A-2A3F38D818AE}.AppStore|Any CPU.ActiveCfg = Release|Any CPU
		{54D3E7B3-A5B2-4E2B-8A1A-2A3F38D818AE}.AppStore|Any CPU.Build.0 = Release|Any CPU
		{54D3E7B3-A5B2-4E2B-8A1A-2A3F38D818AE}.AppStore|iPhone.ActiveCfg = Release|Any CPU
		{54D3E7B3-A5B2-4E2B-8A1A-2A3F38D818AE}.AppStore|iPhoneSimulator.ActiveCfg = Release|Any CPU
		{54D3E7B3-A5B2-4E2B-8A1A-2A3F38D818AE}.AppStore|Mixed Platforms.ActiveCfg = Release|Any CPU
		{54D3E7B3-A5B2-4E2B-8A1A-2A3F38D818AE}.AppStore|Mixed Platforms.Build.0 = Release|Any CPU
		{54D3E7B3-A5B2-4E2B-8A1A-2A3F38D818AE}.Debug|Any CPU.ActiveCfg = Debug|Any CPU
		{54D3E7B3-A5B2-4E2B-8A1A-2A3F38D818AE}.Debug|Any CPU.Build.0 = Debug|Any CPU
		{54D3E7B3-A5B2-4E2B-8A1A-2A3F38D818AE}.Debug|iPhone.ActiveCfg = Debug|Any CPU
		{54D3E7B3-A5B2-4E2B-8A1A-2A3F38D818AE}.Debug|iPhoneSimulator.ActiveCfg = Debug|Any CPU
		{54D3E7B3-A5B2-4E2B-8A1A-2A3F38D818AE}.Debug|Mixed Platforms.ActiveCfg = Debug|Any CPU
		{54D3E7B3-A5B2-4E2B-8A1A-2A3F38D818AE}.Debug|Mixed Platforms.Build.0 = Debug|Any CPU
		{54D3E7B3-A5B2-4E2B-8A1A-2A3F38D818AE}.Release|Any CPU.ActiveCfg = Release|Any CPU
		{54D3E7B3-A5B2-4E2B-8A1A-2A3F38D818AE}.Release|Any CPU.Build.0 = Release|Any CPU
		{54D3E7B3-A5B2-4E2B-8A1A-2A3F38D818AE}.Release|iPhone.ActiveCfg = Release|Any CPU
		{54D3E7B3-A5B2-4E2B-8A1A-2A3F38D818AE}.Release|iPhoneSimulator.ActiveCfg = Release|Any CPU
		{54D3E7B3-A5B2-4E2B-8A1A-2A3F38D818AE}.Release|Mixed Platforms.ActiveCfg = Release|Any CPU
		{54D3E7B3-A5B2-4E2B-8A1A-2A3F38D818AE}.Release|Mixed Platforms.Build.0 = Release|Any CPU
		{579CFB74-6253-4AEE-AC65-135037B315DC}.Ad-Hoc|Any CPU.ActiveCfg = Release|Any CPU
		{579CFB74-6253-4AEE-AC65-135037B315DC}.Ad-Hoc|Any CPU.Build.0 = Release|Any CPU
		{579CFB74-6253-4AEE-AC65-135037B315DC}.Ad-Hoc|iPhone.ActiveCfg = Release|Any CPU
		{579CFB74-6253-4AEE-AC65-135037B315DC}.Ad-Hoc|iPhoneSimulator.ActiveCfg = Release|Any CPU
		{579CFB74-6253-4AEE-AC65-135037B315DC}.Ad-Hoc|Mixed Platforms.ActiveCfg = Release|Any CPU
		{579CFB74-6253-4AEE-AC65-135037B315DC}.Ad-Hoc|Mixed Platforms.Build.0 = Release|Any CPU
		{579CFB74-6253-4AEE-AC65-135037B315DC}.AppStore|Any CPU.ActiveCfg = Release|Any CPU
		{579CFB74-6253-4AEE-AC65-135037B315DC}.AppStore|Any CPU.Build.0 = Release|Any CPU
		{579CFB74-6253-4AEE-AC65-135037B315DC}.AppStore|iPhone.ActiveCfg = Release|Any CPU
		{579CFB74-6253-4AEE-AC65-135037B315DC}.AppStore|iPhoneSimulator.ActiveCfg = Release|Any CPU
		{579CFB74-6253-4AEE-AC65-135037B315DC}.AppStore|Mixed Platforms.ActiveCfg = Release|Any CPU
		{579CFB74-6253-4AEE-AC65-135037B315DC}.AppStore|Mixed Platforms.Build.0 = Release|Any CPU
		{579CFB74-6253-4AEE-AC65-135037B315DC}.Debug|Any CPU.ActiveCfg = Debug|Any CPU
		{579CFB74-6253-4AEE-AC65-135037B315DC}.Debug|Any CPU.Build.0 = Debug|Any CPU
		{579CFB74-6253-4AEE-AC65-135037B315DC}.Debug|iPhone.ActiveCfg = Debug|Any CPU
		{579CFB74-6253-4AEE-AC65-135037B315DC}.Debug|iPhoneSimulator.ActiveCfg = Debug|Any CPU
		{579CFB74-6253-4AEE-AC65-135037B315DC}.Debug|Mixed Platforms.ActiveCfg = Debug|Any CPU
		{579CFB74-6253-4AEE-AC65-135037B315DC}.Debug|Mixed Platforms.Build.0 = Debug|Any CPU
		{579CFB74-6253-4AEE-AC65-135037B315DC}.Release|Any CPU.ActiveCfg = Release|Any CPU
		{579CFB74-6253-4AEE-AC65-135037B315DC}.Release|Any CPU.Build.0 = Release|Any CPU
		{579CFB74-6253-4AEE-AC65-135037B315DC}.Release|iPhone.ActiveCfg = Release|Any CPU
		{579CFB74-6253-4AEE-AC65-135037B315DC}.Release|iPhoneSimulator.ActiveCfg = Release|Any CPU
		{579CFB74-6253-4AEE-AC65-135037B315DC}.Release|Mixed Platforms.ActiveCfg = Release|Any CPU
		{579CFB74-6253-4AEE-AC65-135037B315DC}.Release|Mixed Platforms.Build.0 = Release|Any CPU
		{58B77FD8-5A9E-4816-AA74-577988A5AE13}.Ad-Hoc|Any CPU.ActiveCfg = Release|Any CPU
		{58B77FD8-5A9E-4816-AA74-577988A5AE13}.Ad-Hoc|Any CPU.Build.0 = Release|Any CPU
		{58B77FD8-5A9E-4816-AA74-577988A5AE13}.Ad-Hoc|iPhone.ActiveCfg = Release|Any CPU
		{58B77FD8-5A9E-4816-AA74-577988A5AE13}.Ad-Hoc|iPhoneSimulator.ActiveCfg = Release|Any CPU
		{58B77FD8-5A9E-4816-AA74-577988A5AE13}.Ad-Hoc|Mixed Platforms.ActiveCfg = Release|Any CPU
		{58B77FD8-5A9E-4816-AA74-577988A5AE13}.Ad-Hoc|Mixed Platforms.Build.0 = Release|Any CPU
		{58B77FD8-5A9E-4816-AA74-577988A5AE13}.AppStore|Any CPU.ActiveCfg = Release|Any CPU
		{58B77FD8-5A9E-4816-AA74-577988A5AE13}.AppStore|Any CPU.Build.0 = Release|Any CPU
		{58B77FD8-5A9E-4816-AA74-577988A5AE13}.AppStore|iPhone.ActiveCfg = Release|Any CPU
		{58B77FD8-5A9E-4816-AA74-577988A5AE13}.AppStore|iPhoneSimulator.ActiveCfg = Release|Any CPU
		{58B77FD8-5A9E-4816-AA74-577988A5AE13}.AppStore|Mixed Platforms.ActiveCfg = Release|Any CPU
		{58B77FD8-5A9E-4816-AA74-577988A5AE13}.AppStore|Mixed Platforms.Build.0 = Release|Any CPU
		{58B77FD8-5A9E-4816-AA74-577988A5AE13}.Debug|Any CPU.ActiveCfg = Debug|Any CPU
		{58B77FD8-5A9E-4816-AA74-577988A5AE13}.Debug|Any CPU.Build.0 = Debug|Any CPU
		{58B77FD8-5A9E-4816-AA74-577988A5AE13}.Debug|iPhone.ActiveCfg = Debug|Any CPU
		{58B77FD8-5A9E-4816-AA74-577988A5AE13}.Debug|iPhoneSimulator.ActiveCfg = Debug|Any CPU
		{58B77FD8-5A9E-4816-AA74-577988A5AE13}.Debug|Mixed Platforms.ActiveCfg = Debug|Any CPU
		{58B77FD8-5A9E-4816-AA74-577988A5AE13}.Debug|Mixed Platforms.Build.0 = Debug|Any CPU
		{58B77FD8-5A9E-4816-AA74-577988A5AE13}.Release|Any CPU.ActiveCfg = Release|Any CPU
		{58B77FD8-5A9E-4816-AA74-577988A5AE13}.Release|Any CPU.Build.0 = Release|Any CPU
		{58B77FD8-5A9E-4816-AA74-577988A5AE13}.Release|iPhone.ActiveCfg = Release|Any CPU
		{58B77FD8-5A9E-4816-AA74-577988A5AE13}.Release|iPhoneSimulator.ActiveCfg = Release|Any CPU
		{58B77FD8-5A9E-4816-AA74-577988A5AE13}.Release|Mixed Platforms.ActiveCfg = Release|Any CPU
		{58B77FD8-5A9E-4816-AA74-577988A5AE13}.Release|Mixed Platforms.Build.0 = Release|Any CPU
		{66AE694F-28D1-44F3-8C35-1A8A89052A22}.Ad-Hoc|Any CPU.ActiveCfg = Release|Any CPU
		{66AE694F-28D1-44F3-8C35-1A8A89052A22}.Ad-Hoc|Any CPU.Build.0 = Release|Any CPU
		{66AE694F-28D1-44F3-8C35-1A8A89052A22}.Ad-Hoc|iPhone.ActiveCfg = Release|Any CPU
		{66AE694F-28D1-44F3-8C35-1A8A89052A22}.Ad-Hoc|iPhoneSimulator.ActiveCfg = Release|Any CPU
		{66AE694F-28D1-44F3-8C35-1A8A89052A22}.Ad-Hoc|Mixed Platforms.ActiveCfg = Release|Any CPU
		{66AE694F-28D1-44F3-8C35-1A8A89052A22}.Ad-Hoc|Mixed Platforms.Build.0 = Release|Any CPU
		{66AE694F-28D1-44F3-8C35-1A8A89052A22}.AppStore|Any CPU.ActiveCfg = Release|Any CPU
		{66AE694F-28D1-44F3-8C35-1A8A89052A22}.AppStore|Any CPU.Build.0 = Release|Any CPU
		{66AE694F-28D1-44F3-8C35-1A8A89052A22}.AppStore|iPhone.ActiveCfg = Release|Any CPU
		{66AE694F-28D1-44F3-8C35-1A8A89052A22}.AppStore|iPhoneSimulator.ActiveCfg = Release|Any CPU
		{66AE694F-28D1-44F3-8C35-1A8A89052A22}.AppStore|Mixed Platforms.ActiveCfg = Release|Any CPU
		{66AE694F-28D1-44F3-8C35-1A8A89052A22}.AppStore|Mixed Platforms.Build.0 = Release|Any CPU
		{66AE694F-28D1-44F3-8C35-1A8A89052A22}.Debug|Any CPU.ActiveCfg = Debug|Any CPU
		{66AE694F-28D1-44F3-8C35-1A8A89052A22}.Debug|Any CPU.Build.0 = Debug|Any CPU
		{66AE694F-28D1-44F3-8C35-1A8A89052A22}.Debug|iPhone.ActiveCfg = Debug|Any CPU
		{66AE694F-28D1-44F3-8C35-1A8A89052A22}.Debug|iPhoneSimulator.ActiveCfg = Debug|Any CPU
		{66AE694F-28D1-44F3-8C35-1A8A89052A22}.Debug|Mixed Platforms.ActiveCfg = Debug|Any CPU
		{66AE694F-28D1-44F3-8C35-1A8A89052A22}.Debug|Mixed Platforms.Build.0 = Debug|Any CPU
		{66AE694F-28D1-44F3-8C35-1A8A89052A22}.Release|Any CPU.ActiveCfg = Release|Any CPU
		{66AE694F-28D1-44F3-8C35-1A8A89052A22}.Release|Any CPU.Build.0 = Release|Any CPU
		{66AE694F-28D1-44F3-8C35-1A8A89052A22}.Release|iPhone.ActiveCfg = Release|Any CPU
		{66AE694F-28D1-44F3-8C35-1A8A89052A22}.Release|iPhoneSimulator.ActiveCfg = Release|Any CPU
		{66AE694F-28D1-44F3-8C35-1A8A89052A22}.Release|Mixed Platforms.ActiveCfg = Release|Any CPU
		{66AE694F-28D1-44F3-8C35-1A8A89052A22}.Release|Mixed Platforms.Build.0 = Release|Any CPU
		{E764422C-2F4A-4C4E-A8F5-9F642E5DD0FF}.Ad-Hoc|Any CPU.ActiveCfg = Release|Any CPU
		{E764422C-2F4A-4C4E-A8F5-9F642E5DD0FF}.Ad-Hoc|Any CPU.Build.0 = Release|Any CPU
		{E764422C-2F4A-4C4E-A8F5-9F642E5DD0FF}.Ad-Hoc|iPhone.ActiveCfg = Release|Any CPU
		{E764422C-2F4A-4C4E-A8F5-9F642E5DD0FF}.Ad-Hoc|iPhoneSimulator.ActiveCfg = Release|Any CPU
		{E764422C-2F4A-4C4E-A8F5-9F642E5DD0FF}.Ad-Hoc|Mixed Platforms.ActiveCfg = Release|Any CPU
		{E764422C-2F4A-4C4E-A8F5-9F642E5DD0FF}.Ad-Hoc|Mixed Platforms.Build.0 = Release|Any CPU
		{E764422C-2F4A-4C4E-A8F5-9F642E5DD0FF}.AppStore|Any CPU.ActiveCfg = Release|Any CPU
		{E764422C-2F4A-4C4E-A8F5-9F642E5DD0FF}.AppStore|Any CPU.Build.0 = Release|Any CPU
		{E764422C-2F4A-4C4E-A8F5-9F642E5DD0FF}.AppStore|iPhone.ActiveCfg = Release|Any CPU
		{E764422C-2F4A-4C4E-A8F5-9F642E5DD0FF}.AppStore|iPhoneSimulator.ActiveCfg = Release|Any CPU
		{E764422C-2F4A-4C4E-A8F5-9F642E5DD0FF}.AppStore|Mixed Platforms.ActiveCfg = Release|Any CPU
		{E764422C-2F4A-4C4E-A8F5-9F642E5DD0FF}.AppStore|Mixed Platforms.Build.0 = Release|Any CPU
		{E764422C-2F4A-4C4E-A8F5-9F642E5DD0FF}.Debug|Any CPU.ActiveCfg = Debug|Any CPU
		{E764422C-2F4A-4C4E-A8F5-9F642E5DD0FF}.Debug|Any CPU.Build.0 = Debug|Any CPU
		{E764422C-2F4A-4C4E-A8F5-9F642E5DD0FF}.Debug|iPhone.ActiveCfg = Debug|Any CPU
		{E764422C-2F4A-4C4E-A8F5-9F642E5DD0FF}.Debug|iPhoneSimulator.ActiveCfg = Debug|Any CPU
		{E764422C-2F4A-4C4E-A8F5-9F642E5DD0FF}.Debug|Mixed Platforms.ActiveCfg = Debug|Any CPU
		{E764422C-2F4A-4C4E-A8F5-9F642E5DD0FF}.Debug|Mixed Platforms.Build.0 = Debug|Any CPU
		{E764422C-2F4A-4C4E-A8F5-9F642E5DD0FF}.Release|Any CPU.ActiveCfg = Release|Any CPU
		{E764422C-2F4A-4C4E-A8F5-9F642E5DD0FF}.Release|Any CPU.Build.0 = Release|Any CPU
		{E764422C-2F4A-4C4E-A8F5-9F642E5DD0FF}.Release|iPhone.ActiveCfg = Release|Any CPU
		{E764422C-2F4A-4C4E-A8F5-9F642E5DD0FF}.Release|iPhoneSimulator.ActiveCfg = Release|Any CPU
		{E764422C-2F4A-4C4E-A8F5-9F642E5DD0FF}.Release|Mixed Platforms.ActiveCfg = Release|Any CPU
		{E764422C-2F4A-4C4E-A8F5-9F642E5DD0FF}.Release|Mixed Platforms.Build.0 = Release|Any CPU
		{25911370-F06A-4956-8EE3-659A7BA14961}.Ad-Hoc|Any CPU.ActiveCfg = Release|Any CPU
		{25911370-F06A-4956-8EE3-659A7BA14961}.Ad-Hoc|Any CPU.Build.0 = Release|Any CPU
		{25911370-F06A-4956-8EE3-659A7BA14961}.Ad-Hoc|iPhone.ActiveCfg = Release|Any CPU
		{25911370-F06A-4956-8EE3-659A7BA14961}.Ad-Hoc|iPhoneSimulator.ActiveCfg = Release|Any CPU
		{25911370-F06A-4956-8EE3-659A7BA14961}.Ad-Hoc|Mixed Platforms.ActiveCfg = Release|Any CPU
		{25911370-F06A-4956-8EE3-659A7BA14961}.Ad-Hoc|Mixed Platforms.Build.0 = Release|Any CPU
		{25911370-F06A-4956-8EE3-659A7BA14961}.AppStore|Any CPU.ActiveCfg = Release|Any CPU
		{25911370-F06A-4956-8EE3-659A7BA14961}.AppStore|Any CPU.Build.0 = Release|Any CPU
		{25911370-F06A-4956-8EE3-659A7BA14961}.AppStore|iPhone.ActiveCfg = Release|Any CPU
		{25911370-F06A-4956-8EE3-659A7BA14961}.AppStore|iPhoneSimulator.ActiveCfg = Release|Any CPU
		{25911370-F06A-4956-8EE3-659A7BA14961}.AppStore|Mixed Platforms.ActiveCfg = Release|Any CPU
		{25911370-F06A-4956-8EE3-659A7BA14961}.AppStore|Mixed Platforms.Build.0 = Release|Any CPU
		{25911370-F06A-4956-8EE3-659A7BA14961}.Debug|Any CPU.ActiveCfg = Debug|Any CPU
		{25911370-F06A-4956-8EE3-659A7BA14961}.Debug|Any CPU.Build.0 = Debug|Any CPU
		{25911370-F06A-4956-8EE3-659A7BA14961}.Debug|iPhone.ActiveCfg = Debug|Any CPU
		{25911370-F06A-4956-8EE3-659A7BA14961}.Debug|iPhoneSimulator.ActiveCfg = Debug|Any CPU
		{25911370-F06A-4956-8EE3-659A7BA14961}.Debug|Mixed Platforms.ActiveCfg = Debug|Any CPU
		{25911370-F06A-4956-8EE3-659A7BA14961}.Debug|Mixed Platforms.Build.0 = Debug|Any CPU
		{25911370-F06A-4956-8EE3-659A7BA14961}.Release|Any CPU.ActiveCfg = Release|Any CPU
		{25911370-F06A-4956-8EE3-659A7BA14961}.Release|Any CPU.Build.0 = Release|Any CPU
		{25911370-F06A-4956-8EE3-659A7BA14961}.Release|iPhone.ActiveCfg = Release|Any CPU
		{25911370-F06A-4956-8EE3-659A7BA14961}.Release|iPhoneSimulator.ActiveCfg = Release|Any CPU
		{25911370-F06A-4956-8EE3-659A7BA14961}.Release|Mixed Platforms.ActiveCfg = Release|Any CPU
		{25911370-F06A-4956-8EE3-659A7BA14961}.Release|Mixed Platforms.Build.0 = Release|Any CPU
		{05A6F013-EF9A-4D14-94FE-FBF90F540E06}.Ad-Hoc|Any CPU.ActiveCfg = Release|Any CPU
		{05A6F013-EF9A-4D14-94FE-FBF90F540E06}.Ad-Hoc|Any CPU.Build.0 = Release|Any CPU
		{05A6F013-EF9A-4D14-94FE-FBF90F540E06}.Ad-Hoc|iPhone.ActiveCfg = Release|Any CPU
		{05A6F013-EF9A-4D14-94FE-FBF90F540E06}.Ad-Hoc|iPhoneSimulator.ActiveCfg = Release|Any CPU
		{05A6F013-EF9A-4D14-94FE-FBF90F540E06}.Ad-Hoc|Mixed Platforms.ActiveCfg = Release|Any CPU
		{05A6F013-EF9A-4D14-94FE-FBF90F540E06}.Ad-Hoc|Mixed Platforms.Build.0 = Release|Any CPU
		{05A6F013-EF9A-4D14-94FE-FBF90F540E06}.AppStore|Any CPU.ActiveCfg = Release|Any CPU
		{05A6F013-EF9A-4D14-94FE-FBF90F540E06}.AppStore|Any CPU.Build.0 = Release|Any CPU
		{05A6F013-EF9A-4D14-94FE-FBF90F540E06}.AppStore|iPhone.ActiveCfg = Release|Any CPU
		{05A6F013-EF9A-4D14-94FE-FBF90F540E06}.AppStore|iPhoneSimulator.ActiveCfg = Release|Any CPU
		{05A6F013-EF9A-4D14-94FE-FBF90F540E06}.AppStore|Mixed Platforms.ActiveCfg = Release|Any CPU
		{05A6F013-EF9A-4D14-94FE-FBF90F540E06}.AppStore|Mixed Platforms.Build.0 = Release|Any CPU
		{05A6F013-EF9A-4D14-94FE-FBF90F540E06}.Debug|Any CPU.ActiveCfg = Debug|Any CPU
		{05A6F013-EF9A-4D14-94FE-FBF90F540E06}.Debug|Any CPU.Build.0 = Debug|Any CPU
		{05A6F013-EF9A-4D14-94FE-FBF90F540E06}.Debug|iPhone.ActiveCfg = Debug|Any CPU
		{05A6F013-EF9A-4D14-94FE-FBF90F540E06}.Debug|iPhoneSimulator.ActiveCfg = Debug|Any CPU
		{05A6F013-EF9A-4D14-94FE-FBF90F540E06}.Debug|Mixed Platforms.ActiveCfg = Debug|Any CPU
		{05A6F013-EF9A-4D14-94FE-FBF90F540E06}.Debug|Mixed Platforms.Build.0 = Debug|Any CPU
		{05A6F013-EF9A-4D14-94FE-FBF90F540E06}.Release|Any CPU.ActiveCfg = Release|Any CPU
		{05A6F013-EF9A-4D14-94FE-FBF90F540E06}.Release|Any CPU.Build.0 = Release|Any CPU
		{05A6F013-EF9A-4D14-94FE-FBF90F540E06}.Release|iPhone.ActiveCfg = Release|Any CPU
		{05A6F013-EF9A-4D14-94FE-FBF90F540E06}.Release|iPhoneSimulator.ActiveCfg = Release|Any CPU
		{05A6F013-EF9A-4D14-94FE-FBF90F540E06}.Release|Mixed Platforms.ActiveCfg = Release|Any CPU
		{05A6F013-EF9A-4D14-94FE-FBF90F540E06}.Release|Mixed Platforms.Build.0 = Release|Any CPU
		{0E9AEAFE-F95F-4D13-9F1F-9C4D115CFE9C}.Ad-Hoc|Any CPU.ActiveCfg = Release|Any CPU
		{0E9AEAFE-F95F-4D13-9F1F-9C4D115CFE9C}.Ad-Hoc|Any CPU.Build.0 = Release|Any CPU
		{0E9AEAFE-F95F-4D13-9F1F-9C4D115CFE9C}.Ad-Hoc|iPhone.ActiveCfg = Release|Any CPU
		{0E9AEAFE-F95F-4D13-9F1F-9C4D115CFE9C}.Ad-Hoc|iPhoneSimulator.ActiveCfg = Release|Any CPU
		{0E9AEAFE-F95F-4D13-9F1F-9C4D115CFE9C}.Ad-Hoc|Mixed Platforms.ActiveCfg = Release|Any CPU
		{0E9AEAFE-F95F-4D13-9F1F-9C4D115CFE9C}.Ad-Hoc|Mixed Platforms.Build.0 = Release|Any CPU
		{0E9AEAFE-F95F-4D13-9F1F-9C4D115CFE9C}.AppStore|Any CPU.ActiveCfg = Release|Any CPU
		{0E9AEAFE-F95F-4D13-9F1F-9C4D115CFE9C}.AppStore|Any CPU.Build.0 = Release|Any CPU
		{0E9AEAFE-F95F-4D13-9F1F-9C4D115CFE9C}.AppStore|iPhone.ActiveCfg = Release|Any CPU
		{0E9AEAFE-F95F-4D13-9F1F-9C4D115CFE9C}.AppStore|iPhoneSimulator.ActiveCfg = Release|Any CPU
		{0E9AEAFE-F95F-4D13-9F1F-9C4D115CFE9C}.AppStore|Mixed Platforms.ActiveCfg = Release|Any CPU
		{0E9AEAFE-F95F-4D13-9F1F-9C4D115CFE9C}.AppStore|Mixed Platforms.Build.0 = Release|Any CPU
		{0E9AEAFE-F95F-4D13-9F1F-9C4D115CFE9C}.Debug|Any CPU.ActiveCfg = Debug|Any CPU
		{0E9AEAFE-F95F-4D13-9F1F-9C4D115CFE9C}.Debug|Any CPU.Build.0 = Debug|Any CPU
		{0E9AEAFE-F95F-4D13-9F1F-9C4D115CFE9C}.Debug|iPhone.ActiveCfg = Debug|Any CPU
		{0E9AEAFE-F95F-4D13-9F1F-9C4D115CFE9C}.Debug|iPhoneSimulator.ActiveCfg = Debug|Any CPU
		{0E9AEAFE-F95F-4D13-9F1F-9C4D115CFE9C}.Debug|Mixed Platforms.ActiveCfg = Debug|Any CPU
		{0E9AEAFE-F95F-4D13-9F1F-9C4D115CFE9C}.Debug|Mixed Platforms.Build.0 = Debug|Any CPU
		{0E9AEAFE-F95F-4D13-9F1F-9C4D115CFE9C}.Release|Any CPU.ActiveCfg = Release|Any CPU
		{0E9AEAFE-F95F-4D13-9F1F-9C4D115CFE9C}.Release|Any CPU.Build.0 = Release|Any CPU
		{0E9AEAFE-F95F-4D13-9F1F-9C4D115CFE9C}.Release|iPhone.ActiveCfg = Release|Any CPU
		{0E9AEAFE-F95F-4D13-9F1F-9C4D115CFE9C}.Release|iPhoneSimulator.ActiveCfg = Release|Any CPU
		{0E9AEAFE-F95F-4D13-9F1F-9C4D115CFE9C}.Release|Mixed Platforms.ActiveCfg = Release|Any CPU
		{0E9AEAFE-F95F-4D13-9F1F-9C4D115CFE9C}.Release|Mixed Platforms.Build.0 = Release|Any CPU
		{F614D724-A8B8-4C96-8495-563BD410B2DE}.Ad-Hoc|Any CPU.ActiveCfg = Release|Any CPU
		{F614D724-A8B8-4C96-8495-563BD410B2DE}.Ad-Hoc|Any CPU.Build.0 = Release|Any CPU
		{F614D724-A8B8-4C96-8495-563BD410B2DE}.Ad-Hoc|iPhone.ActiveCfg = Release|Any CPU
		{F614D724-A8B8-4C96-8495-563BD410B2DE}.Ad-Hoc|iPhoneSimulator.ActiveCfg = Release|Any CPU
		{F614D724-A8B8-4C96-8495-563BD410B2DE}.Ad-Hoc|Mixed Platforms.ActiveCfg = Release|Any CPU
		{F614D724-A8B8-4C96-8495-563BD410B2DE}.Ad-Hoc|Mixed Platforms.Build.0 = Release|Any CPU
		{F614D724-A8B8-4C96-8495-563BD410B2DE}.AppStore|Any CPU.ActiveCfg = Release|Any CPU
		{F614D724-A8B8-4C96-8495-563BD410B2DE}.AppStore|Any CPU.Build.0 = Release|Any CPU
		{F614D724-A8B8-4C96-8495-563BD410B2DE}.AppStore|iPhone.ActiveCfg = Release|Any CPU
		{F614D724-A8B8-4C96-8495-563BD410B2DE}.AppStore|iPhoneSimulator.ActiveCfg = Release|Any CPU
		{F614D724-A8B8-4C96-8495-563BD410B2DE}.AppStore|Mixed Platforms.ActiveCfg = Release|Any CPU
		{F614D724-A8B8-4C96-8495-563BD410B2DE}.AppStore|Mixed Platforms.Build.0 = Release|Any CPU
		{F614D724-A8B8-4C96-8495-563BD410B2DE}.Debug|Any CPU.ActiveCfg = Debug|Any CPU
		{F614D724-A8B8-4C96-8495-563BD410B2DE}.Debug|Any CPU.Build.0 = Debug|Any CPU
		{F614D724-A8B8-4C96-8495-563BD410B2DE}.Debug|iPhone.ActiveCfg = Debug|Any CPU
		{F614D724-A8B8-4C96-8495-563BD410B2DE}.Debug|iPhoneSimulator.ActiveCfg = Debug|Any CPU
		{F614D724-A8B8-4C96-8495-563BD410B2DE}.Debug|Mixed Platforms.ActiveCfg = Debug|Any CPU
		{F614D724-A8B8-4C96-8495-563BD410B2DE}.Debug|Mixed Platforms.Build.0 = Debug|Any CPU
		{F614D724-A8B8-4C96-8495-563BD410B2DE}.Release|Any CPU.ActiveCfg = Release|Any CPU
		{F614D724-A8B8-4C96-8495-563BD410B2DE}.Release|Any CPU.Build.0 = Release|Any CPU
		{F614D724-A8B8-4C96-8495-563BD410B2DE}.Release|iPhone.ActiveCfg = Release|Any CPU
		{F614D724-A8B8-4C96-8495-563BD410B2DE}.Release|iPhoneSimulator.ActiveCfg = Release|Any CPU
		{F614D724-A8B8-4C96-8495-563BD410B2DE}.Release|Mixed Platforms.ActiveCfg = Release|Any CPU
		{F614D724-A8B8-4C96-8495-563BD410B2DE}.Release|Mixed Platforms.Build.0 = Release|Any CPU
		{FD141DFD-5F9E-4C7E-B10E-A10B39F5C66A}.Ad-Hoc|Any CPU.ActiveCfg = Release|Any CPU
		{FD141DFD-5F9E-4C7E-B10E-A10B39F5C66A}.Ad-Hoc|Any CPU.Build.0 = Release|Any CPU
		{FD141DFD-5F9E-4C7E-B10E-A10B39F5C66A}.Ad-Hoc|iPhone.ActiveCfg = Release|Any CPU
		{FD141DFD-5F9E-4C7E-B10E-A10B39F5C66A}.Ad-Hoc|iPhoneSimulator.ActiveCfg = Release|Any CPU
		{FD141DFD-5F9E-4C7E-B10E-A10B39F5C66A}.Ad-Hoc|Mixed Platforms.ActiveCfg = Release|Any CPU
		{FD141DFD-5F9E-4C7E-B10E-A10B39F5C66A}.Ad-Hoc|Mixed Platforms.Build.0 = Release|Any CPU
		{FD141DFD-5F9E-4C7E-B10E-A10B39F5C66A}.AppStore|Any CPU.ActiveCfg = Release|Any CPU
		{FD141DFD-5F9E-4C7E-B10E-A10B39F5C66A}.AppStore|Any CPU.Build.0 = Release|Any CPU
		{FD141DFD-5F9E-4C7E-B10E-A10B39F5C66A}.AppStore|iPhone.ActiveCfg = Release|Any CPU
		{FD141DFD-5F9E-4C7E-B10E-A10B39F5C66A}.AppStore|iPhoneSimulator.ActiveCfg = Release|Any CPU
		{FD141DFD-5F9E-4C7E-B10E-A10B39F5C66A}.AppStore|Mixed Platforms.ActiveCfg = Release|Any CPU
		{FD141DFD-5F9E-4C7E-B10E-A10B39F5C66A}.AppStore|Mixed Platforms.Build.0 = Release|Any CPU
		{FD141DFD-5F9E-4C7E-B10E-A10B39F5C66A}.Debug|Any CPU.ActiveCfg = Debug|Any CPU
		{FD141DFD-5F9E-4C7E-B10E-A10B39F5C66A}.Debug|Any CPU.Build.0 = Debug|Any CPU
		{FD141DFD-5F9E-4C7E-B10E-A10B39F5C66A}.Debug|iPhone.ActiveCfg = Debug|Any CPU
		{FD141DFD-5F9E-4C7E-B10E-A10B39F5C66A}.Debug|iPhoneSimulator.ActiveCfg = Debug|Any CPU
		{FD141DFD-5F9E-4C7E-B10E-A10B39F5C66A}.Debug|Mixed Platforms.ActiveCfg = Debug|Any CPU
		{FD141DFD-5F9E-4C7E-B10E-A10B39F5C66A}.Debug|Mixed Platforms.Build.0 = Debug|Any CPU
		{FD141DFD-5F9E-4C7E-B10E-A10B39F5C66A}.Release|Any CPU.ActiveCfg = Release|Any CPU
		{FD141DFD-5F9E-4C7E-B10E-A10B39F5C66A}.Release|Any CPU.Build.0 = Release|Any CPU
		{FD141DFD-5F9E-4C7E-B10E-A10B39F5C66A}.Release|iPhone.ActiveCfg = Release|Any CPU
		{FD141DFD-5F9E-4C7E-B10E-A10B39F5C66A}.Release|iPhoneSimulator.ActiveCfg = Release|Any CPU
		{FD141DFD-5F9E-4C7E-B10E-A10B39F5C66A}.Release|Mixed Platforms.ActiveCfg = Release|Any CPU
		{FD141DFD-5F9E-4C7E-B10E-A10B39F5C66A}.Release|Mixed Platforms.Build.0 = Release|Any CPU
		{3973900C-4FD9-4368-B792-A11EFA23F6AE}.Ad-Hoc|Any CPU.ActiveCfg = Release|Any CPU
		{3973900C-4FD9-4368-B792-A11EFA23F6AE}.Ad-Hoc|Any CPU.Build.0 = Release|Any CPU
		{3973900C-4FD9-4368-B792-A11EFA23F6AE}.Ad-Hoc|iPhone.ActiveCfg = Release|Any CPU
		{3973900C-4FD9-4368-B792-A11EFA23F6AE}.Ad-Hoc|iPhoneSimulator.ActiveCfg = Release|Any CPU
		{3973900C-4FD9-4368-B792-A11EFA23F6AE}.Ad-Hoc|Mixed Platforms.ActiveCfg = Release|Any CPU
		{3973900C-4FD9-4368-B792-A11EFA23F6AE}.Ad-Hoc|Mixed Platforms.Build.0 = Release|Any CPU
		{3973900C-4FD9-4368-B792-A11EFA23F6AE}.AppStore|Any CPU.ActiveCfg = Release|Any CPU
		{3973900C-4FD9-4368-B792-A11EFA23F6AE}.AppStore|Any CPU.Build.0 = Release|Any CPU
		{3973900C-4FD9-4368-B792-A11EFA23F6AE}.AppStore|iPhone.ActiveCfg = Release|Any CPU
		{3973900C-4FD9-4368-B792-A11EFA23F6AE}.AppStore|iPhoneSimulator.ActiveCfg = Release|Any CPU
		{3973900C-4FD9-4368-B792-A11EFA23F6AE}.AppStore|Mixed Platforms.ActiveCfg = Release|Any CPU
		{3973900C-4FD9-4368-B792-A11EFA23F6AE}.AppStore|Mixed Platforms.Build.0 = Release|Any CPU
		{3973900C-4FD9-4368-B792-A11EFA23F6AE}.Debug|Any CPU.ActiveCfg = Debug|Any CPU
		{3973900C-4FD9-4368-B792-A11EFA23F6AE}.Debug|Any CPU.Build.0 = Debug|Any CPU
		{3973900C-4FD9-4368-B792-A11EFA23F6AE}.Debug|iPhone.ActiveCfg = Debug|Any CPU
		{3973900C-4FD9-4368-B792-A11EFA23F6AE}.Debug|iPhoneSimulator.ActiveCfg = Debug|Any CPU
		{3973900C-4FD9-4368-B792-A11EFA23F6AE}.Debug|Mixed Platforms.ActiveCfg = Debug|Any CPU
		{3973900C-4FD9-4368-B792-A11EFA23F6AE}.Debug|Mixed Platforms.Build.0 = Debug|Any CPU
		{3973900C-4FD9-4368-B792-A11EFA23F6AE}.Release|Any CPU.ActiveCfg = Release|Any CPU
		{3973900C-4FD9-4368-B792-A11EFA23F6AE}.Release|Any CPU.Build.0 = Release|Any CPU
		{3973900C-4FD9-4368-B792-A11EFA23F6AE}.Release|iPhone.ActiveCfg = Release|Any CPU
		{3973900C-4FD9-4368-B792-A11EFA23F6AE}.Release|iPhoneSimulator.ActiveCfg = Release|Any CPU
		{3973900C-4FD9-4368-B792-A11EFA23F6AE}.Release|Mixed Platforms.ActiveCfg = Release|Any CPU
		{3973900C-4FD9-4368-B792-A11EFA23F6AE}.Release|Mixed Platforms.Build.0 = Release|Any CPU
		{BACCA2C9-93F6-4FF1-9B66-CEE4183843EB}.Ad-Hoc|Any CPU.ActiveCfg = Release|Any CPU
		{BACCA2C9-93F6-4FF1-9B66-CEE4183843EB}.Ad-Hoc|Any CPU.Build.0 = Release|Any CPU
		{BACCA2C9-93F6-4FF1-9B66-CEE4183843EB}.Ad-Hoc|iPhone.ActiveCfg = Release|Any CPU
		{BACCA2C9-93F6-4FF1-9B66-CEE4183843EB}.Ad-Hoc|iPhoneSimulator.ActiveCfg = Release|Any CPU
		{BACCA2C9-93F6-4FF1-9B66-CEE4183843EB}.Ad-Hoc|Mixed Platforms.ActiveCfg = Release|Any CPU
		{BACCA2C9-93F6-4FF1-9B66-CEE4183843EB}.Ad-Hoc|Mixed Platforms.Build.0 = Release|Any CPU
		{BACCA2C9-93F6-4FF1-9B66-CEE4183843EB}.AppStore|Any CPU.ActiveCfg = Release|Any CPU
		{BACCA2C9-93F6-4FF1-9B66-CEE4183843EB}.AppStore|Any CPU.Build.0 = Release|Any CPU
		{BACCA2C9-93F6-4FF1-9B66-CEE4183843EB}.AppStore|iPhone.ActiveCfg = Release|Any CPU
		{BACCA2C9-93F6-4FF1-9B66-CEE4183843EB}.AppStore|iPhoneSimulator.ActiveCfg = Release|Any CPU
		{BACCA2C9-93F6-4FF1-9B66-CEE4183843EB}.AppStore|Mixed Platforms.ActiveCfg = Release|Any CPU
		{BACCA2C9-93F6-4FF1-9B66-CEE4183843EB}.AppStore|Mixed Platforms.Build.0 = Release|Any CPU
		{BACCA2C9-93F6-4FF1-9B66-CEE4183843EB}.Debug|Any CPU.ActiveCfg = Debug|Any CPU
		{BACCA2C9-93F6-4FF1-9B66-CEE4183843EB}.Debug|Any CPU.Build.0 = Debug|Any CPU
		{BACCA2C9-93F6-4FF1-9B66-CEE4183843EB}.Debug|iPhone.ActiveCfg = Debug|Any CPU
		{BACCA2C9-93F6-4FF1-9B66-CEE4183843EB}.Debug|iPhoneSimulator.ActiveCfg = Debug|Any CPU
		{BACCA2C9-93F6-4FF1-9B66-CEE4183843EB}.Debug|Mixed Platforms.ActiveCfg = Debug|Any CPU
		{BACCA2C9-93F6-4FF1-9B66-CEE4183843EB}.Debug|Mixed Platforms.Build.0 = Debug|Any CPU
		{BACCA2C9-93F6-4FF1-9B66-CEE4183843EB}.Release|Any CPU.ActiveCfg = Release|Any CPU
		{BACCA2C9-93F6-4FF1-9B66-CEE4183843EB}.Release|Any CPU.Build.0 = Release|Any CPU
		{BACCA2C9-93F6-4FF1-9B66-CEE4183843EB}.Release|iPhone.ActiveCfg = Release|Any CPU
		{BACCA2C9-93F6-4FF1-9B66-CEE4183843EB}.Release|iPhoneSimulator.ActiveCfg = Release|Any CPU
		{BACCA2C9-93F6-4FF1-9B66-CEE4183843EB}.Release|Mixed Platforms.ActiveCfg = Release|Any CPU
		{BACCA2C9-93F6-4FF1-9B66-CEE4183843EB}.Release|Mixed Platforms.Build.0 = Release|Any CPU
		{29073441-4E7F-4C8F-B8BD-05FE4CFA1203}.Ad-Hoc|Any CPU.ActiveCfg = Release|Any CPU
		{29073441-4E7F-4C8F-B8BD-05FE4CFA1203}.Ad-Hoc|Any CPU.Build.0 = Release|Any CPU
		{29073441-4E7F-4C8F-B8BD-05FE4CFA1203}.Ad-Hoc|iPhone.ActiveCfg = Release|Any CPU
		{29073441-4E7F-4C8F-B8BD-05FE4CFA1203}.Ad-Hoc|iPhoneSimulator.ActiveCfg = Release|Any CPU
		{29073441-4E7F-4C8F-B8BD-05FE4CFA1203}.Ad-Hoc|Mixed Platforms.ActiveCfg = Release|Any CPU
		{29073441-4E7F-4C8F-B8BD-05FE4CFA1203}.Ad-Hoc|Mixed Platforms.Build.0 = Release|Any CPU
		{29073441-4E7F-4C8F-B8BD-05FE4CFA1203}.AppStore|Any CPU.ActiveCfg = Release|Any CPU
		{29073441-4E7F-4C8F-B8BD-05FE4CFA1203}.AppStore|Any CPU.Build.0 = Release|Any CPU
		{29073441-4E7F-4C8F-B8BD-05FE4CFA1203}.AppStore|iPhone.ActiveCfg = Release|Any CPU
		{29073441-4E7F-4C8F-B8BD-05FE4CFA1203}.AppStore|iPhoneSimulator.ActiveCfg = Release|Any CPU
		{29073441-4E7F-4C8F-B8BD-05FE4CFA1203}.AppStore|Mixed Platforms.ActiveCfg = Release|Any CPU
		{29073441-4E7F-4C8F-B8BD-05FE4CFA1203}.AppStore|Mixed Platforms.Build.0 = Release|Any CPU
		{29073441-4E7F-4C8F-B8BD-05FE4CFA1203}.Debug|Any CPU.ActiveCfg = Debug|Any CPU
		{29073441-4E7F-4C8F-B8BD-05FE4CFA1203}.Debug|Any CPU.Build.0 = Debug|Any CPU
		{29073441-4E7F-4C8F-B8BD-05FE4CFA1203}.Debug|iPhone.ActiveCfg = Debug|Any CPU
		{29073441-4E7F-4C8F-B8BD-05FE4CFA1203}.Debug|iPhoneSimulator.ActiveCfg = Debug|Any CPU
		{29073441-4E7F-4C8F-B8BD-05FE4CFA1203}.Debug|Mixed Platforms.ActiveCfg = Debug|Any CPU
		{29073441-4E7F-4C8F-B8BD-05FE4CFA1203}.Debug|Mixed Platforms.Build.0 = Debug|Any CPU
		{29073441-4E7F-4C8F-B8BD-05FE4CFA1203}.Release|Any CPU.ActiveCfg = Release|Any CPU
		{29073441-4E7F-4C8F-B8BD-05FE4CFA1203}.Release|Any CPU.Build.0 = Release|Any CPU
		{29073441-4E7F-4C8F-B8BD-05FE4CFA1203}.Release|iPhone.ActiveCfg = Release|Any CPU
		{29073441-4E7F-4C8F-B8BD-05FE4CFA1203}.Release|iPhoneSimulator.ActiveCfg = Release|Any CPU
		{29073441-4E7F-4C8F-B8BD-05FE4CFA1203}.Release|Mixed Platforms.ActiveCfg = Release|Any CPU
		{29073441-4E7F-4C8F-B8BD-05FE4CFA1203}.Release|Mixed Platforms.Build.0 = Release|Any CPU
		{A768E484-884C-4EC2-BD9A-F08AFF0C82CE}.Ad-Hoc|Any CPU.ActiveCfg = Release|Any CPU
		{A768E484-884C-4EC2-BD9A-F08AFF0C82CE}.Ad-Hoc|Any CPU.Build.0 = Release|Any CPU
		{A768E484-884C-4EC2-BD9A-F08AFF0C82CE}.Ad-Hoc|iPhone.ActiveCfg = Release|Any CPU
		{A768E484-884C-4EC2-BD9A-F08AFF0C82CE}.Ad-Hoc|iPhoneSimulator.ActiveCfg = Release|Any CPU
		{A768E484-884C-4EC2-BD9A-F08AFF0C82CE}.Ad-Hoc|Mixed Platforms.ActiveCfg = Release|Any CPU
		{A768E484-884C-4EC2-BD9A-F08AFF0C82CE}.Ad-Hoc|Mixed Platforms.Build.0 = Release|Any CPU
		{A768E484-884C-4EC2-BD9A-F08AFF0C82CE}.AppStore|Any CPU.ActiveCfg = Release|Any CPU
		{A768E484-884C-4EC2-BD9A-F08AFF0C82CE}.AppStore|Any CPU.Build.0 = Release|Any CPU
		{A768E484-884C-4EC2-BD9A-F08AFF0C82CE}.AppStore|iPhone.ActiveCfg = Release|Any CPU
		{A768E484-884C-4EC2-BD9A-F08AFF0C82CE}.AppStore|iPhoneSimulator.ActiveCfg = Release|Any CPU
		{A768E484-884C-4EC2-BD9A-F08AFF0C82CE}.AppStore|Mixed Platforms.ActiveCfg = Release|Any CPU
		{A768E484-884C-4EC2-BD9A-F08AFF0C82CE}.AppStore|Mixed Platforms.Build.0 = Release|Any CPU
		{A768E484-884C-4EC2-BD9A-F08AFF0C82CE}.Debug|Any CPU.ActiveCfg = Debug|Any CPU
		{A768E484-884C-4EC2-BD9A-F08AFF0C82CE}.Debug|Any CPU.Build.0 = Debug|Any CPU
		{A768E484-884C-4EC2-BD9A-F08AFF0C82CE}.Debug|iPhone.ActiveCfg = Debug|Any CPU
		{A768E484-884C-4EC2-BD9A-F08AFF0C82CE}.Debug|iPhoneSimulator.ActiveCfg = Debug|Any CPU
		{A768E484-884C-4EC2-BD9A-F08AFF0C82CE}.Debug|Mixed Platforms.ActiveCfg = Debug|Any CPU
		{A768E484-884C-4EC2-BD9A-F08AFF0C82CE}.Debug|Mixed Platforms.Build.0 = Debug|Any CPU
		{A768E484-884C-4EC2-BD9A-F08AFF0C82CE}.Release|Any CPU.ActiveCfg = Release|Any CPU
		{A768E484-884C-4EC2-BD9A-F08AFF0C82CE}.Release|Any CPU.Build.0 = Release|Any CPU
		{A768E484-884C-4EC2-BD9A-F08AFF0C82CE}.Release|iPhone.ActiveCfg = Release|Any CPU
		{A768E484-884C-4EC2-BD9A-F08AFF0C82CE}.Release|iPhoneSimulator.ActiveCfg = Release|Any CPU
		{A768E484-884C-4EC2-BD9A-F08AFF0C82CE}.Release|Mixed Platforms.ActiveCfg = Release|Any CPU
		{A768E484-884C-4EC2-BD9A-F08AFF0C82CE}.Release|Mixed Platforms.Build.0 = Release|Any CPU
		{D7E6EAE1-3222-4B13-9CE1-D1C06362818D}.Ad-Hoc|Any CPU.ActiveCfg = Release|Any CPU
		{D7E6EAE1-3222-4B13-9CE1-D1C06362818D}.Ad-Hoc|Any CPU.Build.0 = Release|Any CPU
		{D7E6EAE1-3222-4B13-9CE1-D1C06362818D}.Ad-Hoc|iPhone.ActiveCfg = Release|Any CPU
		{D7E6EAE1-3222-4B13-9CE1-D1C06362818D}.Ad-Hoc|iPhoneSimulator.ActiveCfg = Release|Any CPU
		{D7E6EAE1-3222-4B13-9CE1-D1C06362818D}.Ad-Hoc|Mixed Platforms.ActiveCfg = Release|Any CPU
		{D7E6EAE1-3222-4B13-9CE1-D1C06362818D}.Ad-Hoc|Mixed Platforms.Build.0 = Release|Any CPU
		{D7E6EAE1-3222-4B13-9CE1-D1C06362818D}.AppStore|Any CPU.ActiveCfg = Release|Any CPU
		{D7E6EAE1-3222-4B13-9CE1-D1C06362818D}.AppStore|Any CPU.Build.0 = Release|Any CPU
		{D7E6EAE1-3222-4B13-9CE1-D1C06362818D}.AppStore|iPhone.ActiveCfg = Release|Any CPU
		{D7E6EAE1-3222-4B13-9CE1-D1C06362818D}.AppStore|iPhoneSimulator.ActiveCfg = Release|Any CPU
		{D7E6EAE1-3222-4B13-9CE1-D1C06362818D}.AppStore|Mixed Platforms.ActiveCfg = Release|Any CPU
		{D7E6EAE1-3222-4B13-9CE1-D1C06362818D}.AppStore|Mixed Platforms.Build.0 = Release|Any CPU
		{D7E6EAE1-3222-4B13-9CE1-D1C06362818D}.Debug|Any CPU.ActiveCfg = Debug|Any CPU
		{D7E6EAE1-3222-4B13-9CE1-D1C06362818D}.Debug|Any CPU.Build.0 = Debug|Any CPU
		{D7E6EAE1-3222-4B13-9CE1-D1C06362818D}.Debug|iPhone.ActiveCfg = Debug|Any CPU
		{D7E6EAE1-3222-4B13-9CE1-D1C06362818D}.Debug|iPhoneSimulator.ActiveCfg = Debug|Any CPU
		{D7E6EAE1-3222-4B13-9CE1-D1C06362818D}.Debug|Mixed Platforms.ActiveCfg = Debug|Any CPU
		{D7E6EAE1-3222-4B13-9CE1-D1C06362818D}.Debug|Mixed Platforms.Build.0 = Debug|Any CPU
		{D7E6EAE1-3222-4B13-9CE1-D1C06362818D}.Release|Any CPU.ActiveCfg = Release|Any CPU
		{D7E6EAE1-3222-4B13-9CE1-D1C06362818D}.Release|Any CPU.Build.0 = Release|Any CPU
		{D7E6EAE1-3222-4B13-9CE1-D1C06362818D}.Release|iPhone.ActiveCfg = Release|Any CPU
		{D7E6EAE1-3222-4B13-9CE1-D1C06362818D}.Release|iPhoneSimulator.ActiveCfg = Release|Any CPU
		{D7E6EAE1-3222-4B13-9CE1-D1C06362818D}.Release|Mixed Platforms.ActiveCfg = Release|Any CPU
		{D7E6EAE1-3222-4B13-9CE1-D1C06362818D}.Release|Mixed Platforms.Build.0 = Release|Any CPU
		{F32B1531-CCF7-4EF0-A929-FE98D8C4A44A}.Ad-Hoc|Any CPU.ActiveCfg = Release|Any CPU
		{F32B1531-CCF7-4EF0-A929-FE98D8C4A44A}.Ad-Hoc|Any CPU.Build.0 = Release|Any CPU
		{F32B1531-CCF7-4EF0-A929-FE98D8C4A44A}.Ad-Hoc|iPhone.ActiveCfg = Release|Any CPU
		{F32B1531-CCF7-4EF0-A929-FE98D8C4A44A}.Ad-Hoc|iPhoneSimulator.ActiveCfg = Release|Any CPU
		{F32B1531-CCF7-4EF0-A929-FE98D8C4A44A}.Ad-Hoc|Mixed Platforms.ActiveCfg = Release|Any CPU
		{F32B1531-CCF7-4EF0-A929-FE98D8C4A44A}.Ad-Hoc|Mixed Platforms.Build.0 = Release|Any CPU
		{F32B1531-CCF7-4EF0-A929-FE98D8C4A44A}.AppStore|Any CPU.ActiveCfg = Release|Any CPU
		{F32B1531-CCF7-4EF0-A929-FE98D8C4A44A}.AppStore|Any CPU.Build.0 = Release|Any CPU
		{F32B1531-CCF7-4EF0-A929-FE98D8C4A44A}.AppStore|iPhone.ActiveCfg = Release|Any CPU
		{F32B1531-CCF7-4EF0-A929-FE98D8C4A44A}.AppStore|iPhoneSimulator.ActiveCfg = Release|Any CPU
		{F32B1531-CCF7-4EF0-A929-FE98D8C4A44A}.AppStore|Mixed Platforms.ActiveCfg = Release|Any CPU
		{F32B1531-CCF7-4EF0-A929-FE98D8C4A44A}.AppStore|Mixed Platforms.Build.0 = Release|Any CPU
		{F32B1531-CCF7-4EF0-A929-FE98D8C4A44A}.Debug|Any CPU.ActiveCfg = Debug|Any CPU
		{F32B1531-CCF7-4EF0-A929-FE98D8C4A44A}.Debug|Any CPU.Build.0 = Debug|Any CPU
		{F32B1531-CCF7-4EF0-A929-FE98D8C4A44A}.Debug|iPhone.ActiveCfg = Debug|Any CPU
		{F32B1531-CCF7-4EF0-A929-FE98D8C4A44A}.Debug|iPhoneSimulator.ActiveCfg = Debug|Any CPU
		{F32B1531-CCF7-4EF0-A929-FE98D8C4A44A}.Debug|Mixed Platforms.ActiveCfg = Debug|Any CPU
		{F32B1531-CCF7-4EF0-A929-FE98D8C4A44A}.Debug|Mixed Platforms.Build.0 = Debug|Any CPU
		{F32B1531-CCF7-4EF0-A929-FE98D8C4A44A}.Release|Any CPU.ActiveCfg = Release|Any CPU
		{F32B1531-CCF7-4EF0-A929-FE98D8C4A44A}.Release|Any CPU.Build.0 = Release|Any CPU
		{F32B1531-CCF7-4EF0-A929-FE98D8C4A44A}.Release|iPhone.ActiveCfg = Release|Any CPU
		{F32B1531-CCF7-4EF0-A929-FE98D8C4A44A}.Release|iPhoneSimulator.ActiveCfg = Release|Any CPU
		{F32B1531-CCF7-4EF0-A929-FE98D8C4A44A}.Release|Mixed Platforms.ActiveCfg = Release|Any CPU
		{F32B1531-CCF7-4EF0-A929-FE98D8C4A44A}.Release|Mixed Platforms.Build.0 = Release|Any CPU
		{10CED905-A500-4B65-BA89-2D5C0B6ED9CE}.Ad-Hoc|Any CPU.ActiveCfg = Release|Any CPU
		{10CED905-A500-4B65-BA89-2D5C0B6ED9CE}.Ad-Hoc|Any CPU.Build.0 = Release|Any CPU
		{10CED905-A500-4B65-BA89-2D5C0B6ED9CE}.Ad-Hoc|iPhone.ActiveCfg = Release|Any CPU
		{10CED905-A500-4B65-BA89-2D5C0B6ED9CE}.Ad-Hoc|iPhoneSimulator.ActiveCfg = Release|Any CPU
		{10CED905-A500-4B65-BA89-2D5C0B6ED9CE}.Ad-Hoc|Mixed Platforms.ActiveCfg = Release|Any CPU
		{10CED905-A500-4B65-BA89-2D5C0B6ED9CE}.Ad-Hoc|Mixed Platforms.Build.0 = Release|Any CPU
		{10CED905-A500-4B65-BA89-2D5C0B6ED9CE}.AppStore|Any CPU.ActiveCfg = Release|Any CPU
		{10CED905-A500-4B65-BA89-2D5C0B6ED9CE}.AppStore|Any CPU.Build.0 = Release|Any CPU
		{10CED905-A500-4B65-BA89-2D5C0B6ED9CE}.AppStore|iPhone.ActiveCfg = Release|Any CPU
		{10CED905-A500-4B65-BA89-2D5C0B6ED9CE}.AppStore|iPhoneSimulator.ActiveCfg = Release|Any CPU
		{10CED905-A500-4B65-BA89-2D5C0B6ED9CE}.AppStore|Mixed Platforms.ActiveCfg = Release|Any CPU
		{10CED905-A500-4B65-BA89-2D5C0B6ED9CE}.AppStore|Mixed Platforms.Build.0 = Release|Any CPU
		{10CED905-A500-4B65-BA89-2D5C0B6ED9CE}.Debug|Any CPU.ActiveCfg = Debug|Any CPU
		{10CED905-A500-4B65-BA89-2D5C0B6ED9CE}.Debug|Any CPU.Build.0 = Debug|Any CPU
		{10CED905-A500-4B65-BA89-2D5C0B6ED9CE}.Debug|iPhone.ActiveCfg = Debug|Any CPU
		{10CED905-A500-4B65-BA89-2D5C0B6ED9CE}.Debug|iPhoneSimulator.ActiveCfg = Debug|Any CPU
		{10CED905-A500-4B65-BA89-2D5C0B6ED9CE}.Debug|Mixed Platforms.ActiveCfg = Debug|Any CPU
		{10CED905-A500-4B65-BA89-2D5C0B6ED9CE}.Debug|Mixed Platforms.Build.0 = Debug|Any CPU
		{10CED905-A500-4B65-BA89-2D5C0B6ED9CE}.Release|Any CPU.ActiveCfg = Release|Any CPU
		{10CED905-A500-4B65-BA89-2D5C0B6ED9CE}.Release|Any CPU.Build.0 = Release|Any CPU
		{10CED905-A500-4B65-BA89-2D5C0B6ED9CE}.Release|iPhone.ActiveCfg = Release|Any CPU
		{10CED905-A500-4B65-BA89-2D5C0B6ED9CE}.Release|iPhoneSimulator.ActiveCfg = Release|Any CPU
		{10CED905-A500-4B65-BA89-2D5C0B6ED9CE}.Release|Mixed Platforms.ActiveCfg = Release|Any CPU
		{10CED905-A500-4B65-BA89-2D5C0B6ED9CE}.Release|Mixed Platforms.Build.0 = Release|Any CPU
		{AC187787-A318-46C4-BC56-7F95354243C1}.Ad-Hoc|Any CPU.ActiveCfg = Release|Any CPU
		{AC187787-A318-46C4-BC56-7F95354243C1}.Ad-Hoc|Any CPU.Build.0 = Release|Any CPU
		{AC187787-A318-46C4-BC56-7F95354243C1}.Ad-Hoc|iPhone.ActiveCfg = Release|Any CPU
		{AC187787-A318-46C4-BC56-7F95354243C1}.Ad-Hoc|iPhoneSimulator.ActiveCfg = Release|Any CPU
		{AC187787-A318-46C4-BC56-7F95354243C1}.Ad-Hoc|Mixed Platforms.ActiveCfg = Release|Any CPU
		{AC187787-A318-46C4-BC56-7F95354243C1}.Ad-Hoc|Mixed Platforms.Build.0 = Release|Any CPU
		{AC187787-A318-46C4-BC56-7F95354243C1}.AppStore|Any CPU.ActiveCfg = Release|Any CPU
		{AC187787-A318-46C4-BC56-7F95354243C1}.AppStore|Any CPU.Build.0 = Release|Any CPU
		{AC187787-A318-46C4-BC56-7F95354243C1}.AppStore|iPhone.ActiveCfg = Release|Any CPU
		{AC187787-A318-46C4-BC56-7F95354243C1}.AppStore|iPhoneSimulator.ActiveCfg = Release|Any CPU
		{AC187787-A318-46C4-BC56-7F95354243C1}.AppStore|Mixed Platforms.ActiveCfg = Release|Any CPU
		{AC187787-A318-46C4-BC56-7F95354243C1}.AppStore|Mixed Platforms.Build.0 = Release|Any CPU
		{AC187787-A318-46C4-BC56-7F95354243C1}.Debug|Any CPU.ActiveCfg = Debug|Any CPU
		{AC187787-A318-46C4-BC56-7F95354243C1}.Debug|Any CPU.Build.0 = Debug|Any CPU
		{AC187787-A318-46C4-BC56-7F95354243C1}.Debug|iPhone.ActiveCfg = Debug|Any CPU
		{AC187787-A318-46C4-BC56-7F95354243C1}.Debug|iPhoneSimulator.ActiveCfg = Debug|Any CPU
		{AC187787-A318-46C4-BC56-7F95354243C1}.Debug|Mixed Platforms.ActiveCfg = Debug|Any CPU
		{AC187787-A318-46C4-BC56-7F95354243C1}.Debug|Mixed Platforms.Build.0 = Debug|Any CPU
		{AC187787-A318-46C4-BC56-7F95354243C1}.Release|Any CPU.ActiveCfg = Release|Any CPU
		{AC187787-A318-46C4-BC56-7F95354243C1}.Release|Any CPU.Build.0 = Release|Any CPU
		{AC187787-A318-46C4-BC56-7F95354243C1}.Release|iPhone.ActiveCfg = Release|Any CPU
		{AC187787-A318-46C4-BC56-7F95354243C1}.Release|iPhoneSimulator.ActiveCfg = Release|Any CPU
		{AC187787-A318-46C4-BC56-7F95354243C1}.Release|Mixed Platforms.ActiveCfg = Release|Any CPU
		{AC187787-A318-46C4-BC56-7F95354243C1}.Release|Mixed Platforms.Build.0 = Release|Any CPU
		{BD4FEDA8-720A-4355-8E51-914A68871B7C}.Ad-Hoc|Any CPU.ActiveCfg = Release|Any CPU
		{BD4FEDA8-720A-4355-8E51-914A68871B7C}.Ad-Hoc|Any CPU.Build.0 = Release|Any CPU
		{BD4FEDA8-720A-4355-8E51-914A68871B7C}.Ad-Hoc|iPhone.ActiveCfg = Release|Any CPU
		{BD4FEDA8-720A-4355-8E51-914A68871B7C}.Ad-Hoc|iPhoneSimulator.ActiveCfg = Release|Any CPU
		{BD4FEDA8-720A-4355-8E51-914A68871B7C}.Ad-Hoc|Mixed Platforms.ActiveCfg = Release|Any CPU
		{BD4FEDA8-720A-4355-8E51-914A68871B7C}.Ad-Hoc|Mixed Platforms.Build.0 = Release|Any CPU
		{BD4FEDA8-720A-4355-8E51-914A68871B7C}.AppStore|Any CPU.ActiveCfg = Release|Any CPU
		{BD4FEDA8-720A-4355-8E51-914A68871B7C}.AppStore|Any CPU.Build.0 = Release|Any CPU
		{BD4FEDA8-720A-4355-8E51-914A68871B7C}.AppStore|iPhone.ActiveCfg = Release|Any CPU
		{BD4FEDA8-720A-4355-8E51-914A68871B7C}.AppStore|iPhoneSimulator.ActiveCfg = Release|Any CPU
		{BD4FEDA8-720A-4355-8E51-914A68871B7C}.AppStore|Mixed Platforms.ActiveCfg = Release|Any CPU
		{BD4FEDA8-720A-4355-8E51-914A68871B7C}.AppStore|Mixed Platforms.Build.0 = Release|Any CPU
		{BD4FEDA8-720A-4355-8E51-914A68871B7C}.Debug|Any CPU.ActiveCfg = Debug|Any CPU
		{BD4FEDA8-720A-4355-8E51-914A68871B7C}.Debug|Any CPU.Build.0 = Debug|Any CPU
		{BD4FEDA8-720A-4355-8E51-914A68871B7C}.Debug|iPhone.ActiveCfg = Debug|Any CPU
		{BD4FEDA8-720A-4355-8E51-914A68871B7C}.Debug|iPhoneSimulator.ActiveCfg = Debug|Any CPU
		{BD4FEDA8-720A-4355-8E51-914A68871B7C}.Debug|Mixed Platforms.ActiveCfg = Debug|Any CPU
		{BD4FEDA8-720A-4355-8E51-914A68871B7C}.Debug|Mixed Platforms.Build.0 = Debug|Any CPU
		{BD4FEDA8-720A-4355-8E51-914A68871B7C}.Release|Any CPU.ActiveCfg = Release|Any CPU
		{BD4FEDA8-720A-4355-8E51-914A68871B7C}.Release|Any CPU.Build.0 = Release|Any CPU
		{BD4FEDA8-720A-4355-8E51-914A68871B7C}.Release|iPhone.ActiveCfg = Release|Any CPU
		{BD4FEDA8-720A-4355-8E51-914A68871B7C}.Release|iPhoneSimulator.ActiveCfg = Release|Any CPU
		{BD4FEDA8-720A-4355-8E51-914A68871B7C}.Release|Mixed Platforms.ActiveCfg = Release|Any CPU
		{BD4FEDA8-720A-4355-8E51-914A68871B7C}.Release|Mixed Platforms.Build.0 = Release|Any CPU
		{C944EA86-668A-460E-A836-1E35CA48FBBE}.Ad-Hoc|Any CPU.ActiveCfg = Release|Any CPU
		{C944EA86-668A-460E-A836-1E35CA48FBBE}.Ad-Hoc|Any CPU.Build.0 = Release|Any CPU
		{C944EA86-668A-460E-A836-1E35CA48FBBE}.Ad-Hoc|iPhone.ActiveCfg = Release|Any CPU
		{C944EA86-668A-460E-A836-1E35CA48FBBE}.Ad-Hoc|iPhoneSimulator.ActiveCfg = Release|Any CPU
		{C944EA86-668A-460E-A836-1E35CA48FBBE}.Ad-Hoc|Mixed Platforms.ActiveCfg = Release|Any CPU
		{C944EA86-668A-460E-A836-1E35CA48FBBE}.Ad-Hoc|Mixed Platforms.Build.0 = Release|Any CPU
		{C944EA86-668A-460E-A836-1E35CA48FBBE}.AppStore|Any CPU.ActiveCfg = Release|Any CPU
		{C944EA86-668A-460E-A836-1E35CA48FBBE}.AppStore|Any CPU.Build.0 = Release|Any CPU
		{C944EA86-668A-460E-A836-1E35CA48FBBE}.AppStore|iPhone.ActiveCfg = Release|Any CPU
		{C944EA86-668A-460E-A836-1E35CA48FBBE}.AppStore|iPhoneSimulator.ActiveCfg = Release|Any CPU
		{C944EA86-668A-460E-A836-1E35CA48FBBE}.AppStore|Mixed Platforms.ActiveCfg = Release|Any CPU
		{C944EA86-668A-460E-A836-1E35CA48FBBE}.AppStore|Mixed Platforms.Build.0 = Release|Any CPU
		{C944EA86-668A-460E-A836-1E35CA48FBBE}.Debug|Any CPU.ActiveCfg = Debug|Any CPU
		{C944EA86-668A-460E-A836-1E35CA48FBBE}.Debug|Any CPU.Build.0 = Debug|Any CPU
		{C944EA86-668A-460E-A836-1E35CA48FBBE}.Debug|iPhone.ActiveCfg = Debug|Any CPU
		{C944EA86-668A-460E-A836-1E35CA48FBBE}.Debug|iPhoneSimulator.ActiveCfg = Debug|Any CPU
		{C944EA86-668A-460E-A836-1E35CA48FBBE}.Debug|Mixed Platforms.ActiveCfg = Debug|Any CPU
		{C944EA86-668A-460E-A836-1E35CA48FBBE}.Debug|Mixed Platforms.Build.0 = Debug|Any CPU
		{C944EA86-668A-460E-A836-1E35CA48FBBE}.Release|Any CPU.ActiveCfg = Release|Any CPU
		{C944EA86-668A-460E-A836-1E35CA48FBBE}.Release|Any CPU.Build.0 = Release|Any CPU
		{C944EA86-668A-460E-A836-1E35CA48FBBE}.Release|iPhone.ActiveCfg = Release|Any CPU
		{C944EA86-668A-460E-A836-1E35CA48FBBE}.Release|iPhoneSimulator.ActiveCfg = Release|Any CPU
		{C944EA86-668A-460E-A836-1E35CA48FBBE}.Release|Mixed Platforms.ActiveCfg = Release|Any CPU
		{C944EA86-668A-460E-A836-1E35CA48FBBE}.Release|Mixed Platforms.Build.0 = Release|Any CPU
	EndGlobalSection
	GlobalSection(SolutionProperties) = preSolution
		HideSolutionNode = FALSE
	EndGlobalSection
	GlobalSection(NestedProjects) = preSolution
		{43580422-0F2A-4593-A778-8D3B77B68953} = {6DBCF2D6-59D9-4AB9-BCFD-AA5C1E410073}
		{30BA5DDE-AFE5-4EB8-9165-C3BB01816D01} = {6DBCF2D6-59D9-4AB9-BCFD-AA5C1E410073}
		{1E1E73E7-7973-43C5-80F2-968818505E20} = {2F5DCE05-1247-490A-89B0-25BB78BCABB1}
		{A9859AED-F275-49C6-BB3F-00CF31C89FED} = {2F5DCE05-1247-490A-89B0-25BB78BCABB1}
		{60EDEA23-947C-4FEF-A97C-2A324ED133C0} = {2F5DCE05-1247-490A-89B0-25BB78BCABB1}
		{26B8BB75-982F-46D1-9106-1AF0A2E48726} = {2E5E7556-C078-491C-A12D-ED3BFBBAF58A}
		{A1D24335-26DB-439E-A08F-D101E9E7B529} = {2F5DCE05-1247-490A-89B0-25BB78BCABB1}
		{E11A79DF-F281-4BE8-8E8E-760D44C408B8} = {8906D11C-B136-4036-9295-AE839608DDA5}
		{38ADF8A4-E389-4EA3-A710-BE4753FEB086} = {BB965E42-AC51-4266-81A7-606FA5C36333}
		{AF966DD3-ECC5-43C9-8405-1AEC63ABC5CB} = {BB965E42-AC51-4266-81A7-606FA5C36333}
		{2252762E-3BB0-4B8A-B6D2-A1B9B6F25519} = {BB965E42-AC51-4266-81A7-606FA5C36333}
		{A937EEF7-DF2D-4008-B70C-504926E88C88} = {BB965E42-AC51-4266-81A7-606FA5C36333}
		{4238A828-1C98-4B5B-BB1B-76E8303D0EB9} = {6DBCF2D6-59D9-4AB9-BCFD-AA5C1E410073}
		{B00C125D-B8AA-4931-A68B-B0819462E752} = {8906D11C-B136-4036-9295-AE839608DDA5}
		{F270045B-3485-452C-A431-034098AE8051} = {8906D11C-B136-4036-9295-AE839608DDA5}
		{D6FE349B-4440-4381-A249-3C91EAFFC954} = {8906D11C-B136-4036-9295-AE839608DDA5}
		{E758B7AB-88E0-41FC-8293-76190894B9B2} = {747F7C8A-6228-43D2-BE9C-3E6B3E530494}
		{54D3E7B3-A5B2-4E2B-8A1A-2A3F38D818AE} = {6DBCF2D6-59D9-4AB9-BCFD-AA5C1E410073}
		{579CFB74-6253-4AEE-AC65-135037B315DC} = {2F5DCE05-1247-490A-89B0-25BB78BCABB1}
		{58B77FD8-5A9E-4816-AA74-577988A5AE13} = {032394EE-BF97-4197-9213-6510A089A7A6}
		{66AE694F-28D1-44F3-8C35-1A8A89052A22} = {6DBCF2D6-59D9-4AB9-BCFD-AA5C1E410073}
		{E764422C-2F4A-4C4E-A8F5-9F642E5DD0FF} = {032394EE-BF97-4197-9213-6510A089A7A6}
		{25911370-F06A-4956-8EE3-659A7BA14961} = {6DBCF2D6-59D9-4AB9-BCFD-AA5C1E410073}
		{05A6F013-EF9A-4D14-94FE-FBF90F540E06} = {032394EE-BF97-4197-9213-6510A089A7A6}
		{0E9AEAFE-F95F-4D13-9F1F-9C4D115CFE9C} = {032394EE-BF97-4197-9213-6510A089A7A6}
		{F614D724-A8B8-4C96-8495-563BD410B2DE} = {032394EE-BF97-4197-9213-6510A089A7A6}
		{FD141DFD-5F9E-4C7E-B10E-A10B39F5C66A} = {032394EE-BF97-4197-9213-6510A089A7A6}
		{3973900C-4FD9-4368-B792-A11EFA23F6AE} = {A807604D-AE67-41E2-9848-402A91875E9B}
		{BACCA2C9-93F6-4FF1-9B66-CEE4183843EB} = {2F5DCE05-1247-490A-89B0-25BB78BCABB1}
		{29073441-4E7F-4C8F-B8BD-05FE4CFA1203} = {6DBCF2D6-59D9-4AB9-BCFD-AA5C1E410073}
		{A768E484-884C-4EC2-BD9A-F08AFF0C82CE} = {6DBCF2D6-59D9-4AB9-BCFD-AA5C1E410073}
		{D7E6EAE1-3222-4B13-9CE1-D1C06362818D} = {032394EE-BF97-4197-9213-6510A089A7A6}
		{F32B1531-CCF7-4EF0-A929-FE98D8C4A44A} = {2F5DCE05-1247-490A-89B0-25BB78BCABB1}
		{10CED905-A500-4B65-BA89-2D5C0B6ED9CE} = {6DBCF2D6-59D9-4AB9-BCFD-AA5C1E410073}
		{AC187787-A318-46C4-BC56-7F95354243C1} = {6DBCF2D6-59D9-4AB9-BCFD-AA5C1E410073}
		{BD4FEDA8-720A-4355-8E51-914A68871B7C} = {8906D11C-B136-4036-9295-AE839608DDA5}
		{C944EA86-668A-460E-A836-1E35CA48FBBE} = {8906D11C-B136-4036-9295-AE839608DDA5}
	EndGlobalSection
EndGlobal
